<?xml version="1.0" encoding="UTF-8"?>
<Scheme
   LastUpgradeVersion = "0620"
   version = "2.0">
   <BuildAction
      parallelizeBuildables = "YES"
      buildImplicitDependencies = "YES">
      <BuildActionEntries>
         <BuildActionEntry
            buildForTesting = "YES"
            buildForRunning = "YES"
            buildForProfiling = "YES"
            buildForArchiving = "YES"
            buildForAnalyzing = "YES">
            <BuildableReference
               BuildableIdentifier = "primary"
               BlueprintIdentifier = "85639BFC1AB1E73D0097A98D"
               BuildableName = "NowOnAirWatchKitApp802.app"
               BlueprintName = "NowOnAirWatchKitApp802"
               ReferencedContainer = "container:OnAirLog.xcodeproj">
            </BuildableReference>
         </BuildActionEntry>
         <BuildActionEntry
            buildForTesting = "YES"
            buildForRunning = "YES"
            buildForProfiling = "YES"
            buildForArchiving = "YES"
            buildForAnalyzing = "YES">
            <BuildableReference
               BuildableIdentifier = "primary"
               BlueprintIdentifier = "85F5245519DD88A6003105F0"
               BuildableName = "OnAirLog802.app"
               BlueprintName = "OnAirLog802"
               ReferencedContainer = "container:OnAirLog.xcodeproj">
            </BuildableReference>
         </BuildActionEntry>
         <BuildActionEntry
            buildForTesting = "YES"
            buildForRunning = "YES"
            buildForProfiling = "YES"
            buildForArchiving = "YES"
            buildForAnalyzing = "YES">
            <BuildableReference
               BuildableIdentifier = "primary"
               BlueprintIdentifier = "85639BE61AB1E7390097A98D"
               BuildableName = "NowOnAirWatchKitExtension802.appex"
               BlueprintName = "NowOnAirWatchKitExtension802"
               ReferencedContainer = "container:OnAirLog.xcodeproj">
            </BuildableReference>
         </BuildActionEntry>
      </BuildActionEntries>
   </BuildAction>
   <TestAction
      selectedDebuggerIdentifier = "Xcode.DebuggerFoundation.Debugger.LLDB"
      selectedLauncherIdentifier = "Xcode.DebuggerFoundation.Launcher.LLDB"
      shouldUseLaunchSchemeArgsEnv = "YES"
      buildConfiguration = "Debug">
      <Testables>
      </Testables>
      <MacroExpansion>
         <BuildableReference
            BuildableIdentifier = "primary"
            BlueprintIdentifier = "85639BFC1AB1E73D0097A98D"
            BuildableName = "NowOnAirWatchKitApp802.app"
            BlueprintName = "NowOnAirWatchKitApp802"
            ReferencedContainer = "container:OnAirLog.xcodeproj">
         </BuildableReference>
      </MacroExpansion>
   </TestAction>
   <LaunchAction
      selectedDebuggerIdentifier = "Xcode.DebuggerFoundation.Debugger.LLDB"
      selectedLauncherIdentifier = "Xcode.DebuggerFoundation.Launcher.LLDB"
      launchStyle = "0"
      useCustomWorkingDirectory = "NO"
      buildConfiguration = "Debug"
      ignoresPersistentStateOnLaunch = "NO"
      debugDocumentVersioning = "YES"
      allowLocationSimulation = "YES"
      launchAutomaticallySubstyle = "4"
      notificationPayloadFile = "NowOnAirWatchKitExtension/PushNotificationPayload.apns">
      <RemoteRunnable
         runnableDebuggingMode = "2"
         BundleIdentifier = "com.apple.springboard"
         RemotePath = "/(null)">
         <BuildableReference
            BuildableIdentifier = "primary"
            BlueprintIdentifier = "85639BFC1AB1E73D0097A98D"
            BuildableName = "NowOnAirWatchKitApp802.app"
            BlueprintName = "NowOnAirWatchKitApp802"
            ReferencedContainer = "container:OnAirLog.xcodeproj">
         </BuildableReference>
      </RemoteRunnable>
      <MacroExpansion>
         <BuildableReference
            BuildableIdentifier = "primary"
            BlueprintIdentifier = "85639BFC1AB1E73D0097A98D"
            BuildableName = "NowOnAirWatchKitApp802.app"
            BlueprintName = "NowOnAirWatchKitApp802"
            ReferencedContainer = "container:OnAirLog.xcodeproj">
         </BuildableReference>
      </MacroExpansion>
      <AdditionalOptions>
      </AdditionalOptions>
   </LaunchAction>
   <ProfileAction
      shouldUseLaunchSchemeArgsEnv = "YES"
      savedToolIdentifier = ""
      useCustomWorkingDirectory = "NO"
      buildConfiguration = "Release"
      debugDocumentVersioning = "YES"
      notificationPayloadFile = "NowOnAirWatchKitExtension/PushNotificationPayload.apns">
      <RemoteRunnable
         runnableDebuggingMode = "2"
         BundleIdentifier = "com.apple.springboard"
         RemotePath = "/OnAirLog802">
         <BuildableReference
            BuildableIdentifier = "primary"
            BlueprintIdentifier = "85639BFC1AB1E73D0097A98D"
            BuildableName = "NowOnAirWatchKitApp802.app"
            BlueprintName = "NowOnAirWatchKitApp802"
            ReferencedContainer = "container:OnAirLog.xcodeproj">
         </BuildableReference>
      </RemoteRunnable>
      <MacroExpansion>
         <BuildableReference
            BuildableIdentifier = "primary"
            BlueprintIdentifier = "85639BFC1AB1E73D0097A98D"
            BuildableName = "NowOnAirWatchKitApp802.app"
            BlueprintName = "NowOnAirWatchKitApp802"
            ReferencedContainer = "container:OnAirLog.xcodeproj">
         </BuildableReference>
      </MacroExpansion>
   </ProfileAction>
   <AnalyzeAction
      buildConfiguration = "Debug">
   </AnalyzeAction>
   <ArchiveAction
      buildConfiguration = "Release"
      revealArchiveInOrganizer = "YES">
   </ArchiveAction>
</Scheme>
