<?xml version="1.0" encoding="UTF-8"?>
<!DOCTYPE plist PUBLIC "-//Apple//DTD PLIST 1.0//EN" "http://www.apple.com/DTDs/PropertyList-1.0.dtd">
<plist version="1.0">
<dict>
	<key>archiveVersion</key>
	<string>1</string>
	<key>classes</key>
	<dict/>
	<key>objectVersion</key>
	<string>46</string>
	<key>objects</key>
	<dict>
		<key>414CC90BD2F7443BA366491E</key>
		<dict>
			<key>buildActionMask</key>
			<string>2147483647</string>
			<key>files</key>
			<array/>
			<key>inputPaths</key>
			<array/>
			<key>isa</key>
			<string>PBXShellScriptBuildPhase</string>
			<key>name</key>
			<string>Check Pods Manifest.lock</string>
			<key>outputPaths</key>
			<array/>
			<key>runOnlyForDeploymentPostprocessing</key>
			<string>0</string>
			<key>shellPath</key>
			<string>/bin/sh</string>
			<key>shellScript</key>
			<string>diff "${PODS_ROOT}/../Podfile.lock" "${PODS_ROOT}/Manifest.lock" &gt; /dev/null
if [[ $? != 0 ]] ; then
    cat &lt;&lt; EOM
error: The sandbox is not in sync with the Podfile.lock. Run 'pod install' or update your CocoaPods installation.
EOM
    exit 1
fi
</string>
			<key>showEnvVarsInLog</key>
			<string>0</string>
		</dict>
		<key>6F0BFFCE75623911906443C9</key>
		<dict>
			<key>includeInIndex</key>
			<string>1</string>
			<key>isa</key>
			<string>PBXFileReference</string>
			<key>lastKnownFileType</key>
			<string>text.xcconfig</string>
			<key>name</key>
			<string>Pods.release.xcconfig</string>
			<key>path</key>
			<string>Pods/Target Support Files/Pods/Pods.release.xcconfig</string>
			<key>sourceTree</key>
			<string>&lt;group&gt;</string>
		</dict>
		<key>85069D9419DDF9AE004F5C8F</key>
		<dict>
			<key>isa</key>
			<string>PBXFileReference</string>
			<key>lastKnownFileType</key>
			<string>archive.ar</string>
			<key>name</key>
			<string>libPods.a</string>
			<key>path</key>
			<string>Pods/build/Debug-iphoneos/libPods.a</string>
			<key>sourceTree</key>
			<string>&lt;group&gt;</string>
		</dict>
		<key>85069D9519DDF9AE004F5C8F</key>
		<dict>
			<key>fileRef</key>
			<string>85069D9419DDF9AE004F5C8F</string>
			<key>isa</key>
			<string>PBXBuildFile</string>
		</dict>
		<key>85069DB819DE006A004F5C8F</key>
		<dict>
			<key>buildActionMask</key>
			<string>2147483647</string>
			<key>files</key>
			<array>
				<string>85B18E6819E1BDF600FF4D27</string>
				<string>85E9A78519E0FA95002D5737</string>
				<string>85069DEE19DE00C7004F5C8F</string>
				<string>85CD888C19E1398F009F8DCF</string>
				<string>85E9A7A419E118A9002D5737</string>
				<string>8548E66319E0D2E100001AF5</string>
				<string>85CD888719E12FBC009F8DCF</string>
				<string>85E9A7A819E11B59002D5737</string>
			</array>
			<key>isa</key>
			<string>PBXSourcesBuildPhase</string>
			<key>runOnlyForDeploymentPostprocessing</key>
			<string>0</string>
		</dict>
		<key>85069DB919DE006A004F5C8F</key>
		<dict>
			<key>buildActionMask</key>
			<string>2147483647</string>
			<key>files</key>
			<array>
				<string>85069DE819DE0089004F5C8F</string>
				<string>85069DBE19DE006A004F5C8F</string>
			</array>
			<key>isa</key>
			<string>PBXFrameworksBuildPhase</string>
			<key>runOnlyForDeploymentPostprocessing</key>
			<string>0</string>
		</dict>
		<key>85069DBA19DE006A004F5C8F</key>
		<dict>
			<key>buildActionMask</key>
			<string>2147483647</string>
			<key>files</key>
			<array>
				<string>85069DEC19DE00C7004F5C8F</string>
			</array>
			<key>isa</key>
			<string>PBXResourcesBuildPhase</string>
			<key>runOnlyForDeploymentPostprocessing</key>
			<string>0</string>
		</dict>
		<key>85069DBB19DE006A004F5C8F</key>
		<dict>
			<key>buildConfigurationList</key>
			<string>85069DCE19DE006A004F5C8F</string>
			<key>buildPhases</key>
			<array>
				<string>85069DB819DE006A004F5C8F</string>
				<string>85069DB919DE006A004F5C8F</string>
				<string>85069DBA19DE006A004F5C8F</string>
			</array>
			<key>buildRules</key>
			<array/>
			<key>dependencies</key>
			<array/>
			<key>isa</key>
			<string>PBXNativeTarget</string>
			<key>name</key>
			<string>NowOnAirWidget813</string>
			<key>productName</key>
			<string>NowOnAirWidget813</string>
			<key>productReference</key>
			<string>85069DBC19DE006A004F5C8F</string>
			<key>productType</key>
			<string>com.apple.product-type.app-extension</string>
		</dict>
		<key>85069DBC19DE006A004F5C8F</key>
		<dict>
			<key>explicitFileType</key>
			<string>wrapper.app-extension</string>
			<key>includeInIndex</key>
			<string>0</string>
			<key>isa</key>
			<string>PBXFileReference</string>
			<key>path</key>
			<string>NowOnAirWidget813.appex</string>
			<key>sourceTree</key>
			<string>BUILT_PRODUCTS_DIR</string>
		</dict>
		<key>85069DBD19DE006A004F5C8F</key>
		<dict>
			<key>isa</key>
			<string>PBXFileReference</string>
			<key>lastKnownFileType</key>
			<string>wrapper.framework</string>
			<key>name</key>
			<string>NotificationCenter.framework</string>
			<key>path</key>
			<string>Library/Frameworks/NotificationCenter.framework</string>
			<key>sourceTree</key>
			<string>DEVELOPER_DIR</string>
		</dict>
		<key>85069DBE19DE006A004F5C8F</key>
		<dict>
			<key>fileRef</key>
			<string>85069DBD19DE006A004F5C8F</string>
			<key>isa</key>
			<string>PBXBuildFile</string>
		</dict>
		<key>85069DBF19DE006A004F5C8F</key>
		<dict>
			<key>children</key>
			<array>
				<string>85069DC119DE006A004F5C8F</string>
			</array>
			<key>isa</key>
			<string>PBXGroup</string>
			<key>name</key>
			<string>813</string>
			<key>path</key>
			<string>NowOnAirWidget/813</string>
			<key>sourceTree</key>
			<string>SOURCE_ROOT</string>
		</dict>
		<key>85069DC119DE006A004F5C8F</key>
		<dict>
			<key>isa</key>
			<string>PBXFileReference</string>
			<key>lastKnownFileType</key>
			<string>text.plist.xml</string>
			<key>path</key>
			<string>Info.plist</string>
			<key>sourceTree</key>
			<string>&lt;group&gt;</string>
		</dict>
		<key>85069DC619DE006A004F5C8F</key>
		<dict>
			<key>containerPortal</key>
			<string>85F5240A19DD871B003105F0</string>
			<key>isa</key>
			<string>PBXContainerItemProxy</string>
			<key>proxyType</key>
			<string>1</string>
			<key>remoteGlobalIDString</key>
			<string>85069DBB19DE006A004F5C8F</string>
			<key>remoteInfo</key>
			<string>NowOnAirWidget813</string>
		</dict>
		<key>85069DC719DE006A004F5C8F</key>
		<dict>
			<key>isa</key>
			<string>PBXTargetDependency</string>
			<key>target</key>
			<string>85069DBB19DE006A004F5C8F</string>
			<key>targetProxy</key>
			<string>85069DC619DE006A004F5C8F</string>
		</dict>
		<key>85069DC819DE006A004F5C8F</key>
		<dict>
			<key>buildActionMask</key>
			<string>2147483647</string>
			<key>dstPath</key>
			<string></string>
			<key>dstSubfolderSpec</key>
			<string>13</string>
			<key>files</key>
			<array>
				<string>85069DC919DE006A004F5C8F</string>
			</array>
			<key>isa</key>
			<string>PBXCopyFilesBuildPhase</string>
			<key>name</key>
			<string>Embed App Extensions</string>
			<key>runOnlyForDeploymentPostprocessing</key>
			<string>0</string>
		</dict>
		<key>85069DC919DE006A004F5C8F</key>
		<dict>
			<key>fileRef</key>
			<string>85069DBC19DE006A004F5C8F</string>
			<key>isa</key>
			<string>PBXBuildFile</string>
			<key>settings</key>
			<dict>
				<key>ATTRIBUTES</key>
				<array>
					<string>RemoveHeadersOnCopy</string>
				</array>
			</dict>
		</dict>
		<key>85069DCA19DE006A004F5C8F</key>
		<dict>
			<key>containerPortal</key>
			<string>85F5240A19DD871B003105F0</string>
			<key>isa</key>
			<string>PBXContainerItemProxy</string>
			<key>proxyType</key>
			<string>1</string>
			<key>remoteGlobalIDString</key>
			<string>85069DBB19DE006A004F5C8F</string>
			<key>remoteInfo</key>
			<string>NowOnAirWidget813</string>
		</dict>
		<key>85069DCB19DE006A004F5C8F</key>
		<dict>
			<key>isa</key>
			<string>PBXTargetDependency</string>
			<key>target</key>
			<string>85069DBB19DE006A004F5C8F</string>
			<key>targetProxy</key>
			<string>85069DCA19DE006A004F5C8F</string>
		</dict>
		<key>85069DCC19DE006A004F5C8F</key>
		<dict>
			<key>baseConfigurationReference</key>
			<string>97F457047E456234A0108F25</string>
			<key>buildSettings</key>
			<dict>
				<key>ALWAYS_SEARCH_USER_PATHS</key>
				<string>NO</string>
				<key>CLANG_CXX_LANGUAGE_STANDARD</key>
				<string>gnu++0x</string>
				<key>CLANG_CXX_LIBRARY</key>
				<string>libc++</string>
				<key>CLANG_ENABLE_MODULES</key>
				<string>YES</string>
				<key>CLANG_ENABLE_OBJC_ARC</key>
				<string>YES</string>
				<key>CLANG_WARN_BOOL_CONVERSION</key>
				<string>YES</string>
				<key>CLANG_WARN_CONSTANT_CONVERSION</key>
				<string>YES</string>
				<key>CLANG_WARN_DIRECT_OBJC_ISA_USAGE</key>
				<string>YES_ERROR</string>
				<key>CLANG_WARN_EMPTY_BODY</key>
				<string>YES</string>
				<key>CLANG_WARN_ENUM_CONVERSION</key>
				<string>YES</string>
				<key>CLANG_WARN_INT_CONVERSION</key>
				<string>YES</string>
				<key>CLANG_WARN_OBJC_ROOT_CLASS</key>
				<string>YES_ERROR</string>
				<key>CLANG_WARN_UNREACHABLE_CODE</key>
				<string>YES</string>
				<key>CLANG_WARN__DUPLICATE_METHOD_MATCH</key>
				<string>YES</string>
				<key>CODE_SIGN_ENTITLEMENTS</key>
				<string>NowOnAirWidget813.entitlements</string>
				<key>CODE_SIGN_IDENTITY</key>
				<string>iPhone Developer</string>
				<key>COPY_PHASE_STRIP</key>
				<string>NO</string>
				<key>ENABLE_STRICT_OBJC_MSGSEND</key>
				<string>YES</string>
				<key>FRAMEWORK_SEARCH_PATHS</key>
				<array>
					<string>$(inherited)</string>
					<string>$(DEVELOPER_FRAMEWORKS_DIR)</string>
				</array>
				<key>GCC_C_LANGUAGE_STANDARD</key>
				<string>gnu99</string>
				<key>GCC_DYNAMIC_NO_PIC</key>
				<string>NO</string>
				<key>GCC_OPTIMIZATION_LEVEL</key>
				<string>0</string>
				<key>GCC_PREPROCESSOR_DEFINITIONS</key>
				<array>
					<string>DEBUG=1</string>
					<string>$(inherited)</string>
				</array>
				<key>GCC_SYMBOLS_PRIVATE_EXTERN</key>
				<string>NO</string>
				<key>GCC_WARN_64_TO_32_BIT_CONVERSION</key>
				<string>YES</string>
				<key>GCC_WARN_ABOUT_RETURN_TYPE</key>
				<string>YES_ERROR</string>
				<key>GCC_WARN_UNDECLARED_SELECTOR</key>
				<string>YES</string>
				<key>GCC_WARN_UNINITIALIZED_AUTOS</key>
				<string>YES_AGGRESSIVE</string>
				<key>GCC_WARN_UNUSED_FUNCTION</key>
				<string>YES</string>
				<key>GCC_WARN_UNUSED_VARIABLE</key>
				<string>YES</string>
				<key>INFOPLIST_FILE</key>
				<string>NowOnAirWidget/813/Info.plist</string>
				<key>IPHONEOS_DEPLOYMENT_TARGET</key>
				<string>8.0</string>
				<key>LD_RUNPATH_SEARCH_PATHS</key>
				<string>$(inherited) @executable_path/Frameworks @executable_path/../../Frameworks</string>
				<key>LIBRARY_SEARCH_PATHS</key>
				<array>
					<string>$(inherited)</string>
					<string>$(PROJECT_DIR)/Pods/build/Debug-iphoneos</string>
				</array>
				<key>MTL_ENABLE_DEBUG_INFO</key>
				<string>YES</string>
				<key>ONLY_ACTIVE_ARCH</key>
				<string>YES</string>
				<key>PRODUCT_NAME</key>
				<string>$(TARGET_NAME)</string>
				<key>PROVISIONING_PROFILE</key>
				<string></string>
				<key>SDKROOT</key>
				<string>iphoneos</string>
				<key>SKIP_INSTALL</key>
				<string>YES</string>
				<key>SWIFT_OBJC_BRIDGING_HEADER</key>
				<string>NowOnAirWidget/NowOnAirWidget-Bridging-Header.h</string>
				<key>SWIFT_OPTIMIZATION_LEVEL</key>
				<string>-Onone</string>
				<key>TARGETED_DEVICE_FAMILY</key>
				<string>1,2</string>
			</dict>
			<key>isa</key>
			<string>XCBuildConfiguration</string>
			<key>name</key>
			<string>Debug</string>
		</dict>
		<key>85069DCD19DE006A004F5C8F</key>
		<dict>
			<key>baseConfigurationReference</key>
			<string>6F0BFFCE75623911906443C9</string>
			<key>buildSettings</key>
			<dict>
				<key>ALWAYS_SEARCH_USER_PATHS</key>
				<string>NO</string>
				<key>CLANG_CXX_LANGUAGE_STANDARD</key>
				<string>gnu++0x</string>
				<key>CLANG_CXX_LIBRARY</key>
				<string>libc++</string>
				<key>CLANG_ENABLE_MODULES</key>
				<string>YES</string>
				<key>CLANG_ENABLE_OBJC_ARC</key>
				<string>YES</string>
				<key>CLANG_WARN_BOOL_CONVERSION</key>
				<string>YES</string>
				<key>CLANG_WARN_CONSTANT_CONVERSION</key>
				<string>YES</string>
				<key>CLANG_WARN_DIRECT_OBJC_ISA_USAGE</key>
				<string>YES_ERROR</string>
				<key>CLANG_WARN_EMPTY_BODY</key>
				<string>YES</string>
				<key>CLANG_WARN_ENUM_CONVERSION</key>
				<string>YES</string>
				<key>CLANG_WARN_INT_CONVERSION</key>
				<string>YES</string>
				<key>CLANG_WARN_OBJC_ROOT_CLASS</key>
				<string>YES_ERROR</string>
				<key>CLANG_WARN_UNREACHABLE_CODE</key>
				<string>YES</string>
				<key>CLANG_WARN__DUPLICATE_METHOD_MATCH</key>
				<string>YES</string>
				<key>CODE_SIGN_ENTITLEMENTS</key>
				<string>NowOnAirWidget813.entitlements</string>
				<key>CODE_SIGN_IDENTITY</key>
				<string>iPhone Distribution</string>
				<key>COPY_PHASE_STRIP</key>
				<string>YES</string>
				<key>ENABLE_NS_ASSERTIONS</key>
				<string>NO</string>
				<key>ENABLE_STRICT_OBJC_MSGSEND</key>
				<string>YES</string>
				<key>FRAMEWORK_SEARCH_PATHS</key>
				<array>
					<string>$(inherited)</string>
					<string>$(DEVELOPER_FRAMEWORKS_DIR)</string>
				</array>
				<key>GCC_C_LANGUAGE_STANDARD</key>
				<string>gnu99</string>
				<key>GCC_WARN_64_TO_32_BIT_CONVERSION</key>
				<string>YES</string>
				<key>GCC_WARN_ABOUT_RETURN_TYPE</key>
				<string>YES_ERROR</string>
				<key>GCC_WARN_UNDECLARED_SELECTOR</key>
				<string>YES</string>
				<key>GCC_WARN_UNINITIALIZED_AUTOS</key>
				<string>YES_AGGRESSIVE</string>
				<key>GCC_WARN_UNUSED_FUNCTION</key>
				<string>YES</string>
				<key>GCC_WARN_UNUSED_VARIABLE</key>
				<string>YES</string>
				<key>INFOPLIST_FILE</key>
				<string>NowOnAirWidget/813/Info.plist</string>
				<key>IPHONEOS_DEPLOYMENT_TARGET</key>
				<string>8.0</string>
				<key>LD_RUNPATH_SEARCH_PATHS</key>
				<string>$(inherited) @executable_path/Frameworks @executable_path/../../Frameworks</string>
				<key>LIBRARY_SEARCH_PATHS</key>
				<array>
					<string>$(inherited)</string>
					<string>$(PROJECT_DIR)/Pods/build/Debug-iphoneos</string>
				</array>
				<key>MTL_ENABLE_DEBUG_INFO</key>
				<string>NO</string>
				<key>PRODUCT_NAME</key>
				<string>$(TARGET_NAME)</string>
				<key>PROVISIONING_PROFILE</key>
				<string></string>
				<key>SDKROOT</key>
				<string>iphoneos</string>
				<key>SKIP_INSTALL</key>
				<string>YES</string>
				<key>SWIFT_OBJC_BRIDGING_HEADER</key>
				<string>NowOnAirWidget/NowOnAirWidget-Bridging-Header.h</string>
				<key>TARGETED_DEVICE_FAMILY</key>
				<string>1,2</string>
				<key>VALIDATE_PRODUCT</key>
				<string>YES</string>
			</dict>
			<key>isa</key>
			<string>XCBuildConfiguration</string>
			<key>name</key>
			<string>Release</string>
		</dict>
		<key>85069DCE19DE006A004F5C8F</key>
		<dict>
			<key>buildConfigurations</key>
			<array>
				<string>85069DCC19DE006A004F5C8F</string>
				<string>85069DCD19DE006A004F5C8F</string>
			</array>
			<key>defaultConfigurationIsVisible</key>
			<string>0</string>
			<key>defaultConfigurationName</key>
			<string>Release</string>
			<key>isa</key>
			<string>XCConfigurationList</string>
		</dict>
		<key>85069DCF19DE007A004F5C8F</key>
		<dict>
			<key>buildActionMask</key>
			<string>2147483647</string>
			<key>files</key>
			<array>
				<string>85B18E6919E1BDF600FF4D27</string>
				<string>85E9A78619E0FA95002D5737</string>
				<string>85069DEF19DE00C7004F5C8F</string>
				<string>85CD888D19E1398F009F8DCF</string>
				<string>85E9A7A319E118A4002D5737</string>
				<string>8548E66419E0D2E100001AF5</string>
				<string>85CD888819E12FBC009F8DCF</string>
				<string>85E9A7A919E11B59002D5737</string>
			</array>
			<key>isa</key>
			<string>PBXSourcesBuildPhase</string>
			<key>runOnlyForDeploymentPostprocessing</key>
			<string>0</string>
		</dict>
		<key>85069DD019DE007A004F5C8F</key>
		<dict>
			<key>buildActionMask</key>
			<string>2147483647</string>
			<key>files</key>
			<array>
				<string>85069DE619DE0085004F5C8F</string>
				<string>85069DD419DE007A004F5C8F</string>
			</array>
			<key>isa</key>
			<string>PBXFrameworksBuildPhase</string>
			<key>runOnlyForDeploymentPostprocessing</key>
			<string>0</string>
		</dict>
		<key>85069DD119DE007A004F5C8F</key>
		<dict>
			<key>buildActionMask</key>
			<string>2147483647</string>
			<key>files</key>
			<array>
				<string>85069DED19DE00C7004F5C8F</string>
			</array>
			<key>isa</key>
			<string>PBXResourcesBuildPhase</string>
			<key>runOnlyForDeploymentPostprocessing</key>
			<string>0</string>
		</dict>
		<key>85069DD219DE007A004F5C8F</key>
		<dict>
			<key>buildConfigurationList</key>
			<string>85069DE119DE007A004F5C8F</string>
			<key>buildPhases</key>
			<array>
				<string>85069DCF19DE007A004F5C8F</string>
				<string>85069DD019DE007A004F5C8F</string>
				<string>85069DD119DE007A004F5C8F</string>
			</array>
			<key>buildRules</key>
			<array/>
			<key>dependencies</key>
			<array/>
			<key>isa</key>
			<string>PBXNativeTarget</string>
			<key>name</key>
			<string>NowOnAirWidget802</string>
			<key>productName</key>
			<string>NowOnAirWidget802</string>
			<key>productReference</key>
			<string>85069DD319DE007A004F5C8F</string>
			<key>productType</key>
			<string>com.apple.product-type.app-extension</string>
		</dict>
		<key>85069DD319DE007A004F5C8F</key>
		<dict>
			<key>explicitFileType</key>
			<string>wrapper.app-extension</string>
			<key>includeInIndex</key>
			<string>0</string>
			<key>isa</key>
			<string>PBXFileReference</string>
			<key>path</key>
			<string>NowOnAirWidget802.appex</string>
			<key>sourceTree</key>
			<string>BUILT_PRODUCTS_DIR</string>
		</dict>
		<key>85069DD419DE007A004F5C8F</key>
		<dict>
			<key>fileRef</key>
			<string>85069DBD19DE006A004F5C8F</string>
			<key>isa</key>
			<string>PBXBuildFile</string>
		</dict>
		<key>85069DD519DE007A004F5C8F</key>
		<dict>
			<key>children</key>
			<array>
				<string>85069DD719DE007A004F5C8F</string>
			</array>
			<key>isa</key>
			<string>PBXGroup</string>
			<key>name</key>
			<string>802</string>
			<key>path</key>
			<string>NowOnAirWidget/802</string>
			<key>sourceTree</key>
			<string>SOURCE_ROOT</string>
		</dict>
		<key>85069DD719DE007A004F5C8F</key>
		<dict>
			<key>isa</key>
			<string>PBXFileReference</string>
			<key>lastKnownFileType</key>
			<string>text.plist.xml</string>
			<key>path</key>
			<string>Info.plist</string>
			<key>sourceTree</key>
			<string>&lt;group&gt;</string>
		</dict>
		<key>85069DDC19DE007A004F5C8F</key>
		<dict>
			<key>containerPortal</key>
			<string>85F5240A19DD871B003105F0</string>
			<key>isa</key>
			<string>PBXContainerItemProxy</string>
			<key>proxyType</key>
			<string>1</string>
			<key>remoteGlobalIDString</key>
			<string>85069DD219DE007A004F5C8F</string>
			<key>remoteInfo</key>
			<string>NowOnAirWidget802</string>
		</dict>
		<key>85069DDD19DE007A004F5C8F</key>
		<dict>
			<key>isa</key>
			<string>PBXTargetDependency</string>
			<key>target</key>
			<string>85069DD219DE007A004F5C8F</string>
			<key>targetProxy</key>
			<string>85069DDC19DE007A004F5C8F</string>
		</dict>
		<key>85069DDE19DE007A004F5C8F</key>
		<dict>
			<key>fileRef</key>
			<string>85069DD319DE007A004F5C8F</string>
			<key>isa</key>
			<string>PBXBuildFile</string>
			<key>settings</key>
			<dict>
				<key>ATTRIBUTES</key>
				<array>
					<string>RemoveHeadersOnCopy</string>
				</array>
			</dict>
		</dict>
		<key>85069DDF19DE007A004F5C8F</key>
		<dict>
			<key>containerPortal</key>
			<string>85F5240A19DD871B003105F0</string>
			<key>isa</key>
			<string>PBXContainerItemProxy</string>
			<key>proxyType</key>
			<string>1</string>
			<key>remoteGlobalIDString</key>
			<string>85069DD219DE007A004F5C8F</string>
			<key>remoteInfo</key>
			<string>NowOnAirWidget802</string>
		</dict>
		<key>85069DE019DE007A004F5C8F</key>
		<dict>
			<key>isa</key>
			<string>PBXTargetDependency</string>
			<key>target</key>
			<string>85069DD219DE007A004F5C8F</string>
			<key>targetProxy</key>
			<string>85069DDF19DE007A004F5C8F</string>
		</dict>
		<key>85069DE119DE007A004F5C8F</key>
		<dict>
			<key>buildConfigurations</key>
			<array>
				<string>85069DE219DE007A004F5C8F</string>
				<string>85069DE319DE007A004F5C8F</string>
			</array>
			<key>defaultConfigurationIsVisible</key>
			<string>0</string>
			<key>defaultConfigurationName</key>
			<string>Release</string>
			<key>isa</key>
			<string>XCConfigurationList</string>
		</dict>
		<key>85069DE219DE007A004F5C8F</key>
		<dict>
			<key>baseConfigurationReference</key>
			<string>97F457047E456234A0108F25</string>
			<key>buildSettings</key>
			<dict>
				<key>ALWAYS_SEARCH_USER_PATHS</key>
				<string>NO</string>
				<key>CLANG_CXX_LANGUAGE_STANDARD</key>
				<string>gnu++0x</string>
				<key>CLANG_CXX_LIBRARY</key>
				<string>libc++</string>
				<key>CLANG_ENABLE_MODULES</key>
				<string>YES</string>
				<key>CLANG_ENABLE_OBJC_ARC</key>
				<string>YES</string>
				<key>CLANG_WARN_BOOL_CONVERSION</key>
				<string>YES</string>
				<key>CLANG_WARN_CONSTANT_CONVERSION</key>
				<string>YES</string>
				<key>CLANG_WARN_DIRECT_OBJC_ISA_USAGE</key>
				<string>YES_ERROR</string>
				<key>CLANG_WARN_EMPTY_BODY</key>
				<string>YES</string>
				<key>CLANG_WARN_ENUM_CONVERSION</key>
				<string>YES</string>
				<key>CLANG_WARN_INT_CONVERSION</key>
				<string>YES</string>
				<key>CLANG_WARN_OBJC_ROOT_CLASS</key>
				<string>YES_ERROR</string>
				<key>CLANG_WARN_UNREACHABLE_CODE</key>
				<string>YES</string>
				<key>CLANG_WARN__DUPLICATE_METHOD_MATCH</key>
				<string>YES</string>
				<key>CODE_SIGN_ENTITLEMENTS</key>
				<string>NowOnAirWidget802.entitlements</string>
				<key>CODE_SIGN_IDENTITY</key>
				<string>iPhone Developer</string>
				<key>COPY_PHASE_STRIP</key>
				<string>NO</string>
				<key>ENABLE_STRICT_OBJC_MSGSEND</key>
				<string>YES</string>
				<key>FRAMEWORK_SEARCH_PATHS</key>
				<array>
					<string>$(inherited)</string>
					<string>$(DEVELOPER_FRAMEWORKS_DIR)</string>
				</array>
				<key>GCC_C_LANGUAGE_STANDARD</key>
				<string>gnu99</string>
				<key>GCC_DYNAMIC_NO_PIC</key>
				<string>NO</string>
				<key>GCC_OPTIMIZATION_LEVEL</key>
				<string>0</string>
				<key>GCC_PREPROCESSOR_DEFINITIONS</key>
				<array>
					<string>DEBUG=1</string>
					<string>$(inherited)</string>
				</array>
				<key>GCC_SYMBOLS_PRIVATE_EXTERN</key>
				<string>NO</string>
				<key>GCC_WARN_64_TO_32_BIT_CONVERSION</key>
				<string>YES</string>
				<key>GCC_WARN_ABOUT_RETURN_TYPE</key>
				<string>YES_ERROR</string>
				<key>GCC_WARN_UNDECLARED_SELECTOR</key>
				<string>YES</string>
				<key>GCC_WARN_UNINITIALIZED_AUTOS</key>
				<string>YES_AGGRESSIVE</string>
				<key>GCC_WARN_UNUSED_FUNCTION</key>
				<string>YES</string>
				<key>GCC_WARN_UNUSED_VARIABLE</key>
				<string>YES</string>
				<key>INFOPLIST_FILE</key>
				<string>NowOnAirWidget/802/Info.plist</string>
				<key>IPHONEOS_DEPLOYMENT_TARGET</key>
				<string>8.0</string>
				<key>LD_RUNPATH_SEARCH_PATHS</key>
				<string>$(inherited) @executable_path/Frameworks @executable_path/../../Frameworks</string>
				<key>LIBRARY_SEARCH_PATHS</key>
				<array>
					<string>$(inherited)</string>
					<string>$(PROJECT_DIR)/Pods/build/Debug-iphoneos</string>
				</array>
				<key>MTL_ENABLE_DEBUG_INFO</key>
				<string>YES</string>
				<key>ONLY_ACTIVE_ARCH</key>
				<string>YES</string>
				<key>PRODUCT_NAME</key>
				<string>$(TARGET_NAME)</string>
				<key>PROVISIONING_PROFILE</key>
				<string></string>
				<key>SDKROOT</key>
				<string>iphoneos</string>
				<key>SKIP_INSTALL</key>
				<string>YES</string>
				<key>SWIFT_OBJC_BRIDGING_HEADER</key>
				<string>NowOnAirWidget/NowOnAirWidget-Bridging-Header.h</string>
				<key>SWIFT_OPTIMIZATION_LEVEL</key>
				<string>-Onone</string>
				<key>TARGETED_DEVICE_FAMILY</key>
				<string>1,2</string>
			</dict>
			<key>isa</key>
			<string>XCBuildConfiguration</string>
			<key>name</key>
			<string>Debug</string>
		</dict>
		<key>85069DE319DE007A004F5C8F</key>
		<dict>
			<key>baseConfigurationReference</key>
			<string>6F0BFFCE75623911906443C9</string>
			<key>buildSettings</key>
			<dict>
				<key>ALWAYS_SEARCH_USER_PATHS</key>
				<string>NO</string>
				<key>CLANG_CXX_LANGUAGE_STANDARD</key>
				<string>gnu++0x</string>
				<key>CLANG_CXX_LIBRARY</key>
				<string>libc++</string>
				<key>CLANG_ENABLE_MODULES</key>
				<string>YES</string>
				<key>CLANG_ENABLE_OBJC_ARC</key>
				<string>YES</string>
				<key>CLANG_WARN_BOOL_CONVERSION</key>
				<string>YES</string>
				<key>CLANG_WARN_CONSTANT_CONVERSION</key>
				<string>YES</string>
				<key>CLANG_WARN_DIRECT_OBJC_ISA_USAGE</key>
				<string>YES_ERROR</string>
				<key>CLANG_WARN_EMPTY_BODY</key>
				<string>YES</string>
				<key>CLANG_WARN_ENUM_CONVERSION</key>
				<string>YES</string>
				<key>CLANG_WARN_INT_CONVERSION</key>
				<string>YES</string>
				<key>CLANG_WARN_OBJC_ROOT_CLASS</key>
				<string>YES_ERROR</string>
				<key>CLANG_WARN_UNREACHABLE_CODE</key>
				<string>YES</string>
				<key>CLANG_WARN__DUPLICATE_METHOD_MATCH</key>
				<string>YES</string>
				<key>CODE_SIGN_ENTITLEMENTS</key>
				<string>NowOnAirWidget802.entitlements</string>
				<key>CODE_SIGN_IDENTITY</key>
				<string>iPhone Distribution</string>
				<key>COPY_PHASE_STRIP</key>
				<string>YES</string>
				<key>ENABLE_NS_ASSERTIONS</key>
				<string>NO</string>
				<key>ENABLE_STRICT_OBJC_MSGSEND</key>
				<string>YES</string>
				<key>FRAMEWORK_SEARCH_PATHS</key>
				<array>
					<string>$(inherited)</string>
					<string>$(DEVELOPER_FRAMEWORKS_DIR)</string>
				</array>
				<key>GCC_C_LANGUAGE_STANDARD</key>
				<string>gnu99</string>
				<key>GCC_WARN_64_TO_32_BIT_CONVERSION</key>
				<string>YES</string>
				<key>GCC_WARN_ABOUT_RETURN_TYPE</key>
				<string>YES_ERROR</string>
				<key>GCC_WARN_UNDECLARED_SELECTOR</key>
				<string>YES</string>
				<key>GCC_WARN_UNINITIALIZED_AUTOS</key>
				<string>YES_AGGRESSIVE</string>
				<key>GCC_WARN_UNUSED_FUNCTION</key>
				<string>YES</string>
				<key>GCC_WARN_UNUSED_VARIABLE</key>
				<string>YES</string>
				<key>INFOPLIST_FILE</key>
				<string>NowOnAirWidget/802/Info.plist</string>
				<key>IPHONEOS_DEPLOYMENT_TARGET</key>
				<string>8.0</string>
				<key>LD_RUNPATH_SEARCH_PATHS</key>
				<string>$(inherited) @executable_path/Frameworks @executable_path/../../Frameworks</string>
				<key>LIBRARY_SEARCH_PATHS</key>
				<array>
					<string>$(inherited)</string>
					<string>$(PROJECT_DIR)/Pods/build/Debug-iphoneos</string>
				</array>
				<key>MTL_ENABLE_DEBUG_INFO</key>
				<string>NO</string>
				<key>PRODUCT_NAME</key>
				<string>$(TARGET_NAME)</string>
				<key>PROVISIONING_PROFILE</key>
				<string></string>
				<key>SDKROOT</key>
				<string>iphoneos</string>
				<key>SKIP_INSTALL</key>
				<string>YES</string>
				<key>SWIFT_OBJC_BRIDGING_HEADER</key>
				<string>NowOnAirWidget/NowOnAirWidget-Bridging-Header.h</string>
				<key>TARGETED_DEVICE_FAMILY</key>
				<string>1,2</string>
				<key>VALIDATE_PRODUCT</key>
				<string>YES</string>
			</dict>
			<key>isa</key>
			<string>XCBuildConfiguration</string>
			<key>name</key>
			<string>Release</string>
		</dict>
		<key>85069DE419DE007A004F5C8F</key>
		<dict>
			<key>buildActionMask</key>
			<string>2147483647</string>
			<key>dstPath</key>
			<string></string>
			<key>dstSubfolderSpec</key>
			<string>13</string>
			<key>files</key>
			<array>
				<string>85069DDE19DE007A004F5C8F</string>
			</array>
			<key>isa</key>
			<string>PBXCopyFilesBuildPhase</string>
			<key>name</key>
			<string>Embed App Extensions</string>
			<key>runOnlyForDeploymentPostprocessing</key>
			<string>0</string>
		</dict>
		<key>85069DE519DE0085004F5C8F</key>
		<dict>
			<key>isa</key>
			<string>PBXFileReference</string>
			<key>lastKnownFileType</key>
			<string>archive.ar</string>
			<key>name</key>
			<string>libPods.a</string>
			<key>path</key>
			<string>Pods/build/Debug-iphoneos/libPods.a</string>
			<key>sourceTree</key>
			<string>&lt;group&gt;</string>
		</dict>
		<key>85069DE619DE0085004F5C8F</key>
		<dict>
			<key>fileRef</key>
			<string>85069DE519DE0085004F5C8F</string>
			<key>isa</key>
			<string>PBXBuildFile</string>
		</dict>
		<key>85069DE719DE0089004F5C8F</key>
		<dict>
			<key>isa</key>
			<string>PBXFileReference</string>
			<key>lastKnownFileType</key>
			<string>archive.ar</string>
			<key>name</key>
			<string>libPods.a</string>
			<key>path</key>
			<string>Pods/build/Debug-iphoneos/libPods.a</string>
			<key>sourceTree</key>
			<string>&lt;group&gt;</string>
		</dict>
		<key>85069DE819DE0089004F5C8F</key>
		<dict>
			<key>fileRef</key>
			<string>85069DE719DE0089004F5C8F</string>
			<key>isa</key>
			<string>PBXBuildFile</string>
		</dict>
		<key>85069DE919DE00C7004F5C8F</key>
		<dict>
			<key>children</key>
			<array>
				<string>85E9A74119E0D620002D5737</string>
				<string>85069DEA19DE00C7004F5C8F</string>
				<string>85069DEB19DE00C7004F5C8F</string>
				<string>85069DBF19DE006A004F5C8F</string>
				<string>85069DD519DE007A004F5C8F</string>
			</array>
			<key>isa</key>
			<string>PBXGroup</string>
			<key>path</key>
			<string>NowOnAirWidget</string>
			<key>sourceTree</key>
			<string>&lt;group&gt;</string>
		</dict>
		<key>85069DEA19DE00C7004F5C8F</key>
		<dict>
			<key>fileEncoding</key>
			<string>4</string>
			<key>isa</key>
			<string>PBXFileReference</string>
			<key>lastKnownFileType</key>
			<string>file.storyboard</string>
			<key>path</key>
			<string>MainInterface.storyboard</string>
			<key>sourceTree</key>
			<string>&lt;group&gt;</string>
		</dict>
		<key>85069DEB19DE00C7004F5C8F</key>
		<dict>
			<key>fileEncoding</key>
			<string>4</string>
			<key>isa</key>
			<string>PBXFileReference</string>
			<key>lastKnownFileType</key>
			<string>sourcecode.swift</string>
			<key>path</key>
			<string>TodayViewController.swift</string>
			<key>sourceTree</key>
			<string>&lt;group&gt;</string>
		</dict>
		<key>85069DEC19DE00C7004F5C8F</key>
		<dict>
			<key>fileRef</key>
			<string>85069DEA19DE00C7004F5C8F</string>
			<key>isa</key>
			<string>PBXBuildFile</string>
		</dict>
		<key>85069DED19DE00C7004F5C8F</key>
		<dict>
			<key>fileRef</key>
			<string>85069DEA19DE00C7004F5C8F</string>
			<key>isa</key>
			<string>PBXBuildFile</string>
		</dict>
		<key>85069DEE19DE00C7004F5C8F</key>
		<dict>
			<key>fileRef</key>
			<string>85069DEB19DE00C7004F5C8F</string>
			<key>isa</key>
			<string>PBXBuildFile</string>
		</dict>
		<key>85069DEF19DE00C7004F5C8F</key>
		<dict>
			<key>fileRef</key>
			<string>85069DEB19DE00C7004F5C8F</string>
			<key>isa</key>
			<string>PBXBuildFile</string>
		</dict>
		<key>850EE6FA19E43A67006439F3</key>
		<dict>
			<key>isa</key>
			<string>PBXFileReference</string>
			<key>lastKnownFileType</key>
			<string>text.xml</string>
			<key>path</key>
			<string>NowOnAirWidget802.entitlements</string>
			<key>sourceTree</key>
			<string>&lt;group&gt;</string>
		</dict>
		<key>850EE6FB19E44314006439F3</key>
		<dict>
			<key>children</key>
			<array>
				<string>850EE6FA19E43A67006439F3</string>
				<string>85C1CC6E19E4355300BF9EEA</string>
				<string>85E9A79A19E0FFA2002D5737</string>
				<string>85E9A79919E0FF9B002D5737</string>
			</array>
			<key>isa</key>
			<string>PBXGroup</string>
			<key>name</key>
			<string>Entitlements</string>
			<key>sourceTree</key>
			<string>&lt;group&gt;</string>
		</dict>
		<key>852A0FB519E0885600B65500</key>
		<dict>
			<key>children</key>
			<array>
				<string>854E7C5319E51F1C00E57AFA</string>
				<string>85E9A74019E0D603002D5737</string>
				<string>852A0FB619E0885600B65500</string>
				<string>852A0FB919E0885600B65500</string>
				<string>852A0FBC19E0885600B65500</string>
				<string>852A0FBD19E0885600B65500</string>
				<string>852A0FBF19E0885600B65500</string>
				<string>852A0FC119E0885600B65500</string>
				<string>852A0FC819E0885600B65500</string>
				<string>852A0FCE19E0885600B65500</string>
				<string>85C1CC6A19E2F03200BF9EEA</string>
			</array>
			<key>isa</key>
			<string>PBXGroup</string>
			<key>path</key>
			<string>OnAirLogApp</string>
			<key>sourceTree</key>
			<string>&lt;group&gt;</string>
		</dict>
		<key>852A0FB619E0885600B65500</key>
		<dict>
			<key>children</key>
			<array>
				<string>85E9A78F19E0FE28002D5737</string>
				<string>852A0FB719E0885600B65500</string>
				<string>852A0FB819E0885600B65500</string>
			</array>
			<key>isa</key>
			<string>PBXGroup</string>
			<key>path</key>
			<string>802</string>
			<key>sourceTree</key>
			<string>&lt;group&gt;</string>
		</dict>
		<key>852A0FB719E0885600B65500</key>
		<dict>
			<key>isa</key>
			<string>PBXFileReference</string>
			<key>lastKnownFileType</key>
			<string>folder.assetcatalog</string>
			<key>path</key>
			<string>Images.xcassets</string>
			<key>sourceTree</key>
			<string>&lt;group&gt;</string>
		</dict>
		<key>852A0FB819E0885600B65500</key>
		<dict>
			<key>fileEncoding</key>
			<string>4</string>
			<key>isa</key>
			<string>PBXFileReference</string>
			<key>lastKnownFileType</key>
			<string>text.plist.xml</string>
			<key>path</key>
			<string>Info.plist</string>
			<key>sourceTree</key>
			<string>&lt;group&gt;</string>
		</dict>
		<key>852A0FB919E0885600B65500</key>
		<dict>
			<key>children</key>
			<array>
				<string>85E9A78D19E0FDB5002D5737</string>
				<string>852A0FBA19E0885600B65500</string>
				<string>852A0FBB19E0885600B65500</string>
			</array>
			<key>isa</key>
			<string>PBXGroup</string>
			<key>path</key>
			<string>813</string>
			<key>sourceTree</key>
			<string>&lt;group&gt;</string>
		</dict>
		<key>852A0FBA19E0885600B65500</key>
		<dict>
			<key>isa</key>
			<string>PBXFileReference</string>
			<key>lastKnownFileType</key>
			<string>folder.assetcatalog</string>
			<key>path</key>
			<string>Images.xcassets</string>
			<key>sourceTree</key>
			<string>&lt;group&gt;</string>
		</dict>
		<key>852A0FBB19E0885600B65500</key>
		<dict>
			<key>fileEncoding</key>
			<string>4</string>
			<key>isa</key>
			<string>PBXFileReference</string>
			<key>lastKnownFileType</key>
			<string>text.plist.xml</string>
			<key>path</key>
			<string>Info.plist</string>
			<key>sourceTree</key>
			<string>&lt;group&gt;</string>
		</dict>
		<key>852A0FBC19E0885600B65500</key>
		<dict>
			<key>fileEncoding</key>
			<string>4</string>
			<key>isa</key>
			<string>PBXFileReference</string>
			<key>lastKnownFileType</key>
			<string>sourcecode.swift</string>
			<key>path</key>
			<string>AppDelegate.swift</string>
			<key>sourceTree</key>
			<string>&lt;group&gt;</string>
		</dict>
		<key>852A0FBD19E0885600B65500</key>
		<dict>
			<key>children</key>
			<array>
				<string>852A0FBE19E0885600B65500</string>
			</array>
			<key>isa</key>
			<string>PBXVariantGroup</string>
			<key>name</key>
			<string>LaunchScreen.xib</string>
			<key>sourceTree</key>
			<string>&lt;group&gt;</string>
		</dict>
		<key>852A0FBE19E0885600B65500</key>
		<dict>
			<key>isa</key>
			<string>PBXFileReference</string>
			<key>lastKnownFileType</key>
			<string>file.xib</string>
			<key>name</key>
			<string>Base</string>
			<key>path</key>
			<string>Base.lproj/LaunchScreen.xib</string>
			<key>sourceTree</key>
			<string>&lt;group&gt;</string>
		</dict>
		<key>852A0FBF19E0885600B65500</key>
		<dict>
			<key>children</key>
			<array>
				<string>852A0FC019E0885600B65500</string>
				<string>852A0FE019E088BB00B65500</string>
				<string>852A0FE119E088BF00B65500</string>
			</array>
			<key>isa</key>
			<string>PBXVariantGroup</string>
			<key>name</key>
			<string>Main.storyboard</string>
			<key>sourceTree</key>
			<string>&lt;group&gt;</string>
		</dict>
		<key>852A0FC019E0885600B65500</key>
		<dict>
			<key>isa</key>
			<string>PBXFileReference</string>
			<key>lastKnownFileType</key>
			<string>file.storyboard</string>
			<key>name</key>
			<string>Base</string>
			<key>path</key>
			<string>Base.lproj/Main.storyboard</string>
			<key>sourceTree</key>
			<string>&lt;group&gt;</string>
		</dict>
		<key>852A0FC119E0885600B65500</key>
		<dict>
			<key>fileEncoding</key>
			<string>4</string>
			<key>isa</key>
			<string>PBXFileReference</string>
			<key>lastKnownFileType</key>
			<string>sourcecode.swift</string>
			<key>path</key>
			<string>DetailViewController.swift</string>
			<key>sourceTree</key>
			<string>&lt;group&gt;</string>
		</dict>
		<key>852A0FC819E0885600B65500</key>
		<dict>
			<key>fileEncoding</key>
			<string>4</string>
			<key>isa</key>
			<string>PBXFileReference</string>
			<key>lastKnownFileType</key>
			<string>sourcecode.swift</string>
			<key>path</key>
			<string>MasterViewController.swift</string>
			<key>sourceTree</key>
			<string>&lt;group&gt;</string>
		</dict>
		<key>852A0FCE19E0885600B65500</key>
		<dict>
			<key>fileEncoding</key>
			<string>4</string>
			<key>isa</key>
			<string>PBXFileReference</string>
			<key>lastKnownFileType</key>
			<string>sourcecode.swift</string>
			<key>path</key>
			<string>SongTableViewCell.swift</string>
			<key>sourceTree</key>
			<string>&lt;group&gt;</string>
		</dict>
		<key>852A0FE019E088BB00B65500</key>
		<dict>
			<key>isa</key>
			<string>PBXFileReference</string>
			<key>lastKnownFileType</key>
			<string>text.plist.strings</string>
			<key>name</key>
			<string>en</string>
			<key>path</key>
			<string>en.lproj/Main.strings</string>
			<key>sourceTree</key>
			<string>&lt;group&gt;</string>
		</dict>
		<key>852A0FE119E088BF00B65500</key>
		<dict>
			<key>isa</key>
			<string>PBXFileReference</string>
			<key>lastKnownFileType</key>
			<string>text.plist.strings</string>
			<key>name</key>
			<string>ja</string>
			<key>path</key>
			<string>ja.lproj/Main.strings</string>
			<key>sourceTree</key>
			<string>&lt;group&gt;</string>
		</dict>
		<key>852A0FE419E089FB00B65500</key>
		<dict>
			<key>fileRef</key>
			<string>852A0FBD19E0885600B65500</string>
			<key>isa</key>
			<string>PBXBuildFile</string>
		</dict>
		<key>852A0FE619E08A0500B65500</key>
		<dict>
			<key>fileRef</key>
			<string>852A0FBC19E0885600B65500</string>
			<key>isa</key>
			<string>PBXBuildFile</string>
		</dict>
		<key>852A0FE719E08A0600B65500</key>
		<dict>
			<key>fileRef</key>
			<string>852A0FBC19E0885600B65500</string>
			<key>isa</key>
			<string>PBXBuildFile</string>
		</dict>
		<key>852A0FE819E08A2900B65500</key>
		<dict>
			<key>fileRef</key>
			<string>852A0FB719E0885600B65500</string>
			<key>isa</key>
			<string>PBXBuildFile</string>
		</dict>
		<key>852A0FEA19E08A2F00B65500</key>
		<dict>
			<key>fileRef</key>
			<string>852A0FBA19E0885600B65500</string>
			<key>isa</key>
			<string>PBXBuildFile</string>
		</dict>
		<key>852A0FEC19E08A4000B65500</key>
		<dict>
			<key>fileRef</key>
			<string>852A0FBF19E0885600B65500</string>
			<key>isa</key>
			<string>PBXBuildFile</string>
		</dict>
		<key>852A0FED19E08A4000B65500</key>
		<dict>
			<key>fileRef</key>
			<string>852A0FBF19E0885600B65500</string>
			<key>isa</key>
			<string>PBXBuildFile</string>
		</dict>
		<key>852A0FF019E08A5400B65500</key>
		<dict>
			<key>fileRef</key>
			<string>852A0FC119E0885600B65500</string>
			<key>isa</key>
			<string>PBXBuildFile</string>
		</dict>
		<key>852A0FF119E08A5500B65500</key>
		<dict>
			<key>fileRef</key>
			<string>852A0FC119E0885600B65500</string>
			<key>isa</key>
			<string>PBXBuildFile</string>
		</dict>
		<key>852A0FF219E08A8700B65500</key>
		<dict>
			<key>fileRef</key>
			<string>852A0FC819E0885600B65500</string>
			<key>isa</key>
			<string>PBXBuildFile</string>
		</dict>
		<key>852A0FF319E08A8800B65500</key>
		<dict>
			<key>fileRef</key>
			<string>852A0FC819E0885600B65500</string>
			<key>isa</key>
			<string>PBXBuildFile</string>
		</dict>
		<key>852A0FF419E095E700B65500</key>
		<dict>
			<key>fileRef</key>
			<string>852A0FCE19E0885600B65500</string>
			<key>isa</key>
			<string>PBXBuildFile</string>
		</dict>
		<key>852A0FF519E095E700B65500</key>
		<dict>
			<key>fileRef</key>
			<string>852A0FCE19E0885600B65500</string>
			<key>isa</key>
			<string>PBXBuildFile</string>
		</dict>
		<key>8548E65919E0D2D500001AF5</key>
		<dict>
			<key>children</key>
			<array>
				<string>8556746519E4CE5B00BE400E</string>
				<string>8556746619E4CE5B00BE400E</string>
				<string>8548E65A19E0D2D500001AF5</string>
				<string>85E9A78119E0FA91002D5737</string>
				<string>85B18E6419E1BDF600FF4D27</string>
				<string>85B18E6519E1BDF600FF4D27</string>
				<string>85E9A7A519E11B59002D5737</string>
				<string>85CD888919E1398F009F8DCF</string>
				<string>85CD888419E12FBC009F8DCF</string>
			</array>
			<key>isa</key>
			<string>PBXGroup</string>
			<key>path</key>
			<string>OnAirLog</string>
			<key>sourceTree</key>
			<string>&lt;group&gt;</string>
		</dict>
		<key>8548E65A19E0D2D500001AF5</key>
		<dict>
			<key>fileEncoding</key>
			<string>4</string>
			<key>isa</key>
			<string>PBXFileReference</string>
			<key>lastKnownFileType</key>
			<string>sourcecode.swift</string>
			<key>path</key>
			<string>Environment.swift</string>
			<key>sourceTree</key>
			<string>&lt;group&gt;</string>
		</dict>
		<key>8548E65F19E0D2D500001AF5</key>
		<dict>
			<key>fileRef</key>
			<string>8548E65A19E0D2D500001AF5</string>
			<key>isa</key>
			<string>PBXBuildFile</string>
		</dict>
		<key>8548E66219E0D2E000001AF5</key>
		<dict>
			<key>fileRef</key>
			<string>8548E65A19E0D2D500001AF5</string>
			<key>isa</key>
			<string>PBXBuildFile</string>
		</dict>
		<key>8548E66319E0D2E100001AF5</key>
		<dict>
			<key>fileRef</key>
			<string>8548E65A19E0D2D500001AF5</string>
			<key>isa</key>
			<string>PBXBuildFile</string>
		</dict>
		<key>8548E66419E0D2E100001AF5</key>
		<dict>
			<key>fileRef</key>
			<string>8548E65A19E0D2D500001AF5</string>
			<key>isa</key>
			<string>PBXBuildFile</string>
		</dict>
		<key>854E7C5319E51F1C00E57AFA</key>
		<dict>
			<key>isa</key>
			<string>PBXFileReference</string>
			<key>lastKnownFileType</key>
			<string>folder.assetcatalog</string>
			<key>path</key>
			<string>Images.xcassets</string>
			<key>sourceTree</key>
			<string>&lt;group&gt;</string>
		</dict>
		<key>854E7C5419E51F1C00E57AFA</key>
		<dict>
			<key>fileRef</key>
			<string>854E7C5319E51F1C00E57AFA</string>
			<key>isa</key>
			<string>PBXBuildFile</string>
		</dict>
		<key>854E7C5519E51F1C00E57AFA</key>
		<dict>
			<key>fileRef</key>
			<string>854E7C5319E51F1C00E57AFA</string>
			<key>isa</key>
			<string>PBXBuildFile</string>
		</dict>
		<key>8556746519E4CE5B00BE400E</key>
		<dict>
			<key>fileEncoding</key>
			<string>4</string>
			<key>isa</key>
			<string>PBXFileReference</string>
			<key>lastKnownFileType</key>
			<string>sourcecode.c.h</string>
			<key>path</key>
			<string>ShortenURL.h</string>
			<key>sourceTree</key>
			<string>&lt;group&gt;</string>
		</dict>
		<key>8556746619E4CE5B00BE400E</key>
		<dict>
			<key>fileEncoding</key>
			<string>4</string>
			<key>isa</key>
			<string>PBXFileReference</string>
			<key>lastKnownFileType</key>
			<string>sourcecode.c.objc</string>
			<key>path</key>
			<string>ShortenURL.m</string>
			<key>sourceTree</key>
			<string>&lt;group&gt;</string>
		</dict>
		<key>8556746719E4CE5B00BE400E</key>
		<dict>
			<key>fileRef</key>
			<string>8556746619E4CE5B00BE400E</string>
			<key>isa</key>
			<string>PBXBuildFile</string>
		</dict>
		<key>8556746819E4CE5B00BE400E</key>
		<dict>
			<key>fileRef</key>
			<string>8556746619E4CE5B00BE400E</string>
			<key>isa</key>
			<string>PBXBuildFile</string>
		</dict>
		<key>857E4F4F19E81860008EA69D</key>
		<dict>
			<key>containerPortal</key>
			<string>85F5240A19DD871B003105F0</string>
			<key>isa</key>
			<string>PBXContainerItemProxy</string>
			<key>proxyType</key>
			<string>1</string>
			<key>remoteGlobalIDString</key>
			<string>85F5241319DD877E003105F0</string>
			<key>remoteInfo</key>
			<string>OnAirLog813</string>
		</dict>
		<key>857E4F5019E81860008EA69D</key>
		<dict>
			<key>isa</key>
			<string>PBXTargetDependency</string>
			<key>target</key>
			<string>85F5241319DD877E003105F0</string>
			<key>targetProxy</key>
			<string>857E4F4F19E81860008EA69D</string>
		</dict>
		<key>857E4FBB19E87794008EA69D</key>
		<dict>
			<key>isa</key>
			<string>PBXFileReference</string>
			<key>lastKnownFileType</key>
			<string>archive.ar</string>
			<key>name</key>
			<string>libPods.a</string>
			<key>path</key>
			<string>Pods/build/Debug-iphoneos/libPods.a</string>
			<key>sourceTree</key>
			<string>&lt;group&gt;</string>
		</dict>
		<key>857E4FC219E87949008EA69D</key>
		<dict>
			<key>containerPortal</key>
			<string>85F5240A19DD871B003105F0</string>
			<key>isa</key>
			<string>PBXContainerItemProxy</string>
			<key>proxyType</key>
			<string>1</string>
			<key>remoteGlobalIDString</key>
			<string>85F5241319DD877E003105F0</string>
			<key>remoteInfo</key>
			<string>OnAirLog813</string>
		</dict>
		<key>857E4FC319E87949008EA69D</key>
		<dict>
			<key>isa</key>
			<string>PBXTargetDependency</string>
			<key>target</key>
			<string>85F5241319DD877E003105F0</string>
			<key>targetProxy</key>
			<string>857E4FC219E87949008EA69D</string>
		</dict>
		<key>857E4FC419E87949008EA69D</key>
		<dict>
			<key>containerPortal</key>
			<string>85F5240A19DD871B003105F0</string>
			<key>isa</key>
			<string>PBXContainerItemProxy</string>
			<key>proxyType</key>
			<string>1</string>
			<key>remoteGlobalIDString</key>
			<string>85F5241319DD877E003105F0</string>
			<key>remoteInfo</key>
			<string>OnAirLog813</string>
		</dict>
		<key>857E4FC519E87949008EA69D</key>
		<dict>
			<key>isa</key>
			<string>PBXTargetDependency</string>
			<key>target</key>
			<string>85F5241319DD877E003105F0</string>
			<key>targetProxy</key>
			<string>857E4FC419E87949008EA69D</string>
		</dict>
		<key>857E4FC619E87A5B008EA69D</key>
		<dict>
			<key>isa</key>
			<string>PBXFileReference</string>
			<key>lastKnownFileType</key>
			<string>archive.ar</string>
			<key>name</key>
			<string>libPods.a</string>
			<key>path</key>
			<string>Pods/build/Debug-iphoneos/libPods.a</string>
			<key>sourceTree</key>
			<string>&lt;group&gt;</string>
		</dict>
		<key>857E4FCB19E87C34008EA69D</key>
		<dict>
			<key>fileEncoding</key>
			<string>4</string>
			<key>isa</key>
			<string>PBXFileReference</string>
			<key>lastKnownFileType</key>
			<string>sourcecode.swift</string>
			<key>path</key>
			<string>SongTests.swift</string>
			<key>sourceTree</key>
			<string>&lt;group&gt;</string>
		</dict>
		<key>857E4FCC19E87C34008EA69D</key>
		<dict>
			<key>fileRef</key>
			<string>857E4FCB19E87C34008EA69D</string>
			<key>isa</key>
			<string>PBXBuildFile</string>
		</dict>
		<key>857E4FCD19E87ECA008EA69D</key>
		<dict>
			<key>fileRef</key>
			<string>85B18E6A19E1EBCD00FF4D27</string>
			<key>isa</key>
			<string>PBXBuildFile</string>
		</dict>
		<key>85B18E6419E1BDF600FF4D27</key>
		<dict>
			<key>fileEncoding</key>
			<string>4</string>
			<key>isa</key>
			<string>PBXFileReference</string>
			<key>lastKnownFileType</key>
			<string>sourcecode.c.h</string>
			<key>path</key>
			<string>Song.h</string>
			<key>sourceTree</key>
			<string>&lt;group&gt;</string>
		</dict>
		<key>85B18E6519E1BDF600FF4D27</key>
		<dict>
			<key>fileEncoding</key>
			<string>4</string>
			<key>isa</key>
			<string>PBXFileReference</string>
			<key>lastKnownFileType</key>
			<string>sourcecode.c.objc</string>
			<key>path</key>
			<string>Song.m</string>
			<key>sourceTree</key>
			<string>&lt;group&gt;</string>
		</dict>
		<key>85B18E6619E1BDF600FF4D27</key>
		<dict>
			<key>fileRef</key>
			<string>85B18E6519E1BDF600FF4D27</string>
			<key>isa</key>
			<string>PBXBuildFile</string>
		</dict>
		<key>85B18E6719E1BDF600FF4D27</key>
		<dict>
			<key>fileRef</key>
			<string>85B18E6519E1BDF600FF4D27</string>
			<key>isa</key>
			<string>PBXBuildFile</string>
		</dict>
		<key>85B18E6819E1BDF600FF4D27</key>
		<dict>
			<key>fileRef</key>
			<string>85B18E6519E1BDF600FF4D27</string>
			<key>isa</key>
			<string>PBXBuildFile</string>
		</dict>
		<key>85B18E6919E1BDF600FF4D27</key>
		<dict>
			<key>fileRef</key>
			<string>85B18E6519E1BDF600FF4D27</string>
			<key>isa</key>
			<string>PBXBuildFile</string>
		</dict>
		<key>85B18E6A19E1EBCD00FF4D27</key>
		<dict>
			<key>fileEncoding</key>
			<string>4</string>
			<key>isa</key>
			<string>PBXFileReference</string>
			<key>lastKnownFileType</key>
			<string>sourcecode.swift</string>
			<key>path</key>
			<string>TestHelper.swift</string>
			<key>sourceTree</key>
			<string>&lt;group&gt;</string>
		</dict>
		<key>85B18E7019E1F18400FF4D27</key>
		<dict>
			<key>children</key>
			<array>
				<string>85B18E7119E1F18400FF4D27</string>
			</array>
			<key>isa</key>
			<string>PBXGroup</string>
			<key>path</key>
			<string>Fixtures</string>
			<key>sourceTree</key>
			<string>&lt;group&gt;</string>
		</dict>
		<key>85B18E7119E1F18400FF4D27</key>
		<dict>
			<key>fileEncoding</key>
			<string>4</string>
			<key>isa</key>
			<string>PBXFileReference</string>
			<key>lastKnownFileType</key>
			<string>text.json</string>
			<key>path</key>
			<string>song01.json</string>
			<key>sourceTree</key>
			<string>&lt;group&gt;</string>
		</dict>
		<key>85B18E7219E1F18400FF4D27</key>
		<dict>
			<key>fileRef</key>
			<string>85B18E7119E1F18400FF4D27</string>
			<key>isa</key>
			<string>PBXBuildFile</string>
		</dict>
		<key>85BC706F19DF908A00653771</key>
		<dict>
			<key>children</key>
			<array>
				<string>85B18E7019E1F18400FF4D27</string>
				<string>85BC707019DF908A00653771</string>
				<string>85E9A79B19E11575002D5737</string>
				<string>85B18E6A19E1EBCD00FF4D27</string>
				<string>857E4FCB19E87C34008EA69D</string>
			</array>
			<key>isa</key>
			<string>PBXGroup</string>
			<key>path</key>
			<string>OnAirLogTests</string>
			<key>sourceTree</key>
			<string>&lt;group&gt;</string>
		</dict>
		<key>85BC707019DF908A00653771</key>
		<dict>
			<key>children</key>
			<array>
				<string>85BC707119DF908A00653771</string>
			</array>
			<key>isa</key>
			<string>PBXGroup</string>
			<key>name</key>
			<string>Supporting Files</string>
			<key>sourceTree</key>
			<string>&lt;group&gt;</string>
		</dict>
		<key>85BC707119DF908A00653771</key>
		<dict>
			<key>isa</key>
			<string>PBXFileReference</string>
			<key>lastKnownFileType</key>
			<string>text.plist.xml</string>
			<key>path</key>
			<string>Info.plist</string>
			<key>sourceTree</key>
			<string>&lt;group&gt;</string>
		</dict>
		<key>85C1CC6A19E2F03200BF9EEA</key>
		<dict>
			<key>fileEncoding</key>
			<string>4</string>
			<key>isa</key>
			<string>PBXFileReference</string>
			<key>lastKnownFileType</key>
			<string>sourcecode.swift</string>
			<key>path</key>
			<string>DatePickerViewController.swift</string>
			<key>sourceTree</key>
			<string>&lt;group&gt;</string>
		</dict>
		<key>85C1CC6B19E2F03200BF9EEA</key>
		<dict>
			<key>fileRef</key>
			<string>85C1CC6A19E2F03200BF9EEA</string>
			<key>isa</key>
			<string>PBXBuildFile</string>
		</dict>
		<key>85C1CC6C19E2F03200BF9EEA</key>
		<dict>
			<key>fileRef</key>
			<string>85C1CC6A19E2F03200BF9EEA</string>
			<key>isa</key>
			<string>PBXBuildFile</string>
		</dict>
		<key>85C1CC6E19E4355300BF9EEA</key>
		<dict>
			<key>isa</key>
			<string>PBXFileReference</string>
			<key>lastKnownFileType</key>
			<string>text.xml</string>
			<key>path</key>
			<string>NowOnAirWidget813.entitlements</string>
			<key>sourceTree</key>
			<string>&lt;group&gt;</string>
		</dict>
		<key>85CD888419E12FBC009F8DCF</key>
		<dict>
			<key>fileEncoding</key>
			<string>4</string>
			<key>isa</key>
			<string>PBXFileReference</string>
			<key>lastKnownFileType</key>
			<string>sourcecode.swift</string>
			<key>path</key>
			<string>SongAPISessionManager.swift</string>
			<key>sourceTree</key>
			<string>&lt;group&gt;</string>
		</dict>
		<key>85CD888519E12FBC009F8DCF</key>
		<dict>
			<key>fileRef</key>
			<string>85CD888419E12FBC009F8DCF</string>
			<key>isa</key>
			<string>PBXBuildFile</string>
		</dict>
		<key>85CD888619E12FBC009F8DCF</key>
		<dict>
			<key>fileRef</key>
			<string>85CD888419E12FBC009F8DCF</string>
			<key>isa</key>
			<string>PBXBuildFile</string>
		</dict>
		<key>85CD888719E12FBC009F8DCF</key>
		<dict>
			<key>fileRef</key>
			<string>85CD888419E12FBC009F8DCF</string>
			<key>isa</key>
			<string>PBXBuildFile</string>
		</dict>
		<key>85CD888819E12FBC009F8DCF</key>
		<dict>
			<key>fileRef</key>
			<string>85CD888419E12FBC009F8DCF</string>
			<key>isa</key>
			<string>PBXBuildFile</string>
		</dict>
		<key>85CD888919E1398F009F8DCF</key>
		<dict>
			<key>fileEncoding</key>
			<string>4</string>
			<key>isa</key>
			<string>PBXFileReference</string>
			<key>lastKnownFileType</key>
			<string>sourcecode.swift</string>
			<key>path</key>
			<string>SongAPIResponseSerializer.swift</string>
			<key>sourceTree</key>
			<string>&lt;group&gt;</string>
		</dict>
		<key>85CD888A19E1398F009F8DCF</key>
		<dict>
			<key>fileRef</key>
			<string>85CD888919E1398F009F8DCF</string>
			<key>isa</key>
			<string>PBXBuildFile</string>
		</dict>
		<key>85CD888B19E1398F009F8DCF</key>
		<dict>
			<key>fileRef</key>
			<string>85CD888919E1398F009F8DCF</string>
			<key>isa</key>
			<string>PBXBuildFile</string>
		</dict>
		<key>85CD888C19E1398F009F8DCF</key>
		<dict>
			<key>fileRef</key>
			<string>85CD888919E1398F009F8DCF</string>
			<key>isa</key>
			<string>PBXBuildFile</string>
		</dict>
		<key>85CD888D19E1398F009F8DCF</key>
		<dict>
			<key>fileRef</key>
			<string>85CD888919E1398F009F8DCF</string>
			<key>isa</key>
			<string>PBXBuildFile</string>
		</dict>
		<key>85E9A74019E0D603002D5737</key>
		<dict>
			<key>fileEncoding</key>
			<string>4</string>
			<key>isa</key>
			<string>PBXFileReference</string>
			<key>lastKnownFileType</key>
			<string>sourcecode.c.h</string>
			<key>path</key>
			<string>OnAirLogApp-Bridging-Header.h</string>
			<key>sourceTree</key>
			<string>&lt;group&gt;</string>
		</dict>
		<key>85E9A74119E0D620002D5737</key>
		<dict>
			<key>fileEncoding</key>
			<string>4</string>
			<key>isa</key>
			<string>PBXFileReference</string>
			<key>lastKnownFileType</key>
			<string>sourcecode.c.h</string>
			<key>path</key>
			<string>NowOnAirWidget-Bridging-Header.h</string>
			<key>sourceTree</key>
			<string>&lt;group&gt;</string>
		</dict>
		<key>85E9A78119E0FA91002D5737</key>
		<dict>
			<key>children</key>
			<array>
				<string>85E9A78219E0FA91002D5737</string>
			</array>
			<key>currentVersion</key>
			<string>85E9A78219E0FA91002D5737</string>
			<key>isa</key>
			<string>XCVersionGroup</string>
			<key>path</key>
			<string>OnAirLog.xcdatamodeld</string>
			<key>sourceTree</key>
			<string>&lt;group&gt;</string>
			<key>versionGroupType</key>
			<string>wrapper.xcdatamodel</string>
		</dict>
		<key>85E9A78219E0FA91002D5737</key>
		<dict>
			<key>isa</key>
			<string>PBXFileReference</string>
			<key>lastKnownFileType</key>
			<string>wrapper.xcdatamodel</string>
			<key>path</key>
			<string>OnAirLog.xcdatamodel</string>
			<key>sourceTree</key>
			<string>&lt;group&gt;</string>
		</dict>
		<key>85E9A78319E0FA91002D5737</key>
		<dict>
			<key>fileRef</key>
			<string>85E9A78119E0FA91002D5737</string>
			<key>isa</key>
			<string>PBXBuildFile</string>
		</dict>
		<key>85E9A78419E0FA94002D5737</key>
		<dict>
			<key>fileRef</key>
			<string>85E9A78119E0FA91002D5737</string>
			<key>isa</key>
			<string>PBXBuildFile</string>
		</dict>
		<key>85E9A78519E0FA95002D5737</key>
		<dict>
			<key>fileRef</key>
			<string>85E9A78119E0FA91002D5737</string>
			<key>isa</key>
			<string>PBXBuildFile</string>
		</dict>
		<key>85E9A78619E0FA95002D5737</key>
		<dict>
			<key>fileRef</key>
			<string>85E9A78119E0FA91002D5737</string>
			<key>isa</key>
			<string>PBXBuildFile</string>
		</dict>
		<key>85E9A78D19E0FDB5002D5737</key>
		<dict>
			<key>fileEncoding</key>
			<string>4</string>
			<key>isa</key>
			<string>PBXFileReference</string>
			<key>lastKnownFileType</key>
			<string>sourcecode.swift</string>
			<key>path</key>
			<string>AppConfig.swift</string>
			<key>sourceTree</key>
			<string>&lt;group&gt;</string>
		</dict>
		<key>85E9A78F19E0FE28002D5737</key>
		<dict>
			<key>fileEncoding</key>
			<string>4</string>
			<key>isa</key>
			<string>PBXFileReference</string>
			<key>lastKnownFileType</key>
			<string>sourcecode.swift</string>
			<key>path</key>
			<string>AppConfig.swift</string>
			<key>sourceTree</key>
			<string>&lt;group&gt;</string>
		</dict>
		<key>85E9A79019E0FE28002D5737</key>
		<dict>
			<key>fileRef</key>
			<string>85E9A78F19E0FE28002D5737</string>
			<key>isa</key>
			<string>PBXBuildFile</string>
		</dict>
		<key>85E9A79119E0FE36002D5737</key>
		<dict>
			<key>fileRef</key>
			<string>85E9A78D19E0FDB5002D5737</string>
			<key>isa</key>
			<string>PBXBuildFile</string>
		</dict>
		<key>85E9A79919E0FF9B002D5737</key>
		<dict>
			<key>isa</key>
			<string>PBXFileReference</string>
			<key>lastKnownFileType</key>
			<string>text.xml</string>
			<key>path</key>
			<string>OnAirLog813.entitlements</string>
			<key>sourceTree</key>
			<string>&lt;group&gt;</string>
		</dict>
		<key>85E9A79A19E0FFA2002D5737</key>
		<dict>
			<key>isa</key>
			<string>PBXFileReference</string>
			<key>lastKnownFileType</key>
			<string>text.xml</string>
			<key>path</key>
			<string>OnAirLog802.entitlements</string>
			<key>sourceTree</key>
			<string>&lt;group&gt;</string>
		</dict>
		<key>85E9A79B19E11575002D5737</key>
		<dict>
			<key>isa</key>
			<string>PBXFileReference</string>
			<key>lastKnownFileType</key>
			<string>sourcecode.c.h</string>
			<key>path</key>
			<string>OnAirLogTests-Bridging-Header.h</string>
			<key>sourceTree</key>
			<string>&lt;group&gt;</string>
		</dict>
		<key>85E9A7A219E11690002D5737</key>
		<dict>
			<key>fileRef</key>
			<string>852A0FBD19E0885600B65500</string>
			<key>isa</key>
			<string>PBXBuildFile</string>
		</dict>
		<key>85E9A7A319E118A4002D5737</key>
		<dict>
			<key>fileRef</key>
			<string>85E9A78F19E0FE28002D5737</string>
			<key>isa</key>
			<string>PBXBuildFile</string>
		</dict>
		<key>85E9A7A419E118A9002D5737</key>
		<dict>
			<key>fileRef</key>
			<string>85E9A78D19E0FDB5002D5737</string>
			<key>isa</key>
			<string>PBXBuildFile</string>
		</dict>
		<key>85E9A7A519E11B59002D5737</key>
		<dict>
			<key>fileEncoding</key>
			<string>4</string>
			<key>isa</key>
			<string>PBXFileReference</string>
			<key>lastKnownFileType</key>
			<string>sourcecode.swift</string>
			<key>path</key>
			<string>SongAPIClient.swift</string>
			<key>sourceTree</key>
			<string>&lt;group&gt;</string>
		</dict>
		<key>85E9A7A619E11B59002D5737</key>
		<dict>
			<key>fileRef</key>
			<string>85E9A7A519E11B59002D5737</string>
			<key>isa</key>
			<string>PBXBuildFile</string>
		</dict>
		<key>85E9A7A719E11B59002D5737</key>
		<dict>
			<key>fileRef</key>
			<string>85E9A7A519E11B59002D5737</string>
			<key>isa</key>
			<string>PBXBuildFile</string>
		</dict>
		<key>85E9A7A819E11B59002D5737</key>
		<dict>
			<key>fileRef</key>
			<string>85E9A7A519E11B59002D5737</string>
			<key>isa</key>
			<string>PBXBuildFile</string>
		</dict>
		<key>85E9A7A919E11B59002D5737</key>
		<dict>
			<key>fileRef</key>
			<string>85E9A7A519E11B59002D5737</string>
			<key>isa</key>
			<string>PBXBuildFile</string>
		</dict>
		<key>85F5240919DD871B003105F0</key>
		<dict>
			<key>children</key>
			<array>
				<string>850EE6FB19E44314006439F3</string>
				<string>8548E65919E0D2D500001AF5</string>
				<string>852A0FB519E0885600B65500</string>
				<string>85069DE919DE00C7004F5C8F</string>
				<string>85BC706F19DF908A00653771</string>
				<string>85F5241519DD877E003105F0</string>
				<string>B3FDE7ECF51D472EA0A843F7</string>
				<string>C9397576B91BB395C9D2322D</string>
			</array>
			<key>isa</key>
			<string>PBXGroup</string>
			<key>sourceTree</key>
			<string>&lt;group&gt;</string>
		</dict>
		<key>85F5240A19DD871B003105F0</key>
		<dict>
			<key>attributes</key>
			<dict>
				<key>LastUpgradeCheck</key>
				<string>0600</string>
				<key>TargetAttributes</key>
				<dict>
					<key>85069DBB19DE006A004F5C8F</key>
					<dict>
						<key>CreatedOnToolsVersion</key>
						<string>6.0.1</string>
						<key>DevelopmentTeam</key>
						<string>3Y8APYUG2G</string>
						<key>SystemCapabilities</key>
						<dict>
							<key>com.apple.ApplicationGroups.iOS</key>
							<dict>
								<key>enabled</key>
								<string>1</string>
							</dict>
							<key>com.apple.iCloud</key>
							<dict>
								<key>enabled</key>
								<string>0</string>
							</dict>
						</dict>
					</dict>
					<key>85069DD219DE007A004F5C8F</key>
					<dict>
						<key>CreatedOnToolsVersion</key>
						<string>6.0.1</string>
						<key>DevelopmentTeam</key>
						<string>3Y8APYUG2G</string>
						<key>SystemCapabilities</key>
						<dict>
							<key>com.apple.ApplicationGroups.iOS</key>
							<dict>
								<key>enabled</key>
								<string>1</string>
							</dict>
							<key>com.apple.iCloud</key>
							<dict>
								<key>enabled</key>
								<string>0</string>
							</dict>
						</dict>
					</dict>
					<key>85F5241319DD877E003105F0</key>
					<dict>
						<key>CreatedOnToolsVersion</key>
						<string>6.0.1</string>
						<key>DevelopmentTeam</key>
						<string>3Y8APYUG2G</string>
						<key>SystemCapabilities</key>
						<dict>
							<key>com.apple.ApplicationGroups.iOS</key>
							<dict>
								<key>enabled</key>
								<string>1</string>
							</dict>
							<key>com.apple.InAppPurchase</key>
							<dict>
								<key>enabled</key>
								<string>0</string>
							</dict>
							<key>com.apple.iCloud</key>
							<dict>
								<key>enabled</key>
								<string>0</string>
							</dict>
						</dict>
					</dict>
					<key>85F5244419DD87F5003105F0</key>
					<dict>
						<key>CreatedOnToolsVersion</key>
						<string>6.0.1</string>
						<key>TestTargetID</key>
						<string>85F5241319DD877E003105F0</string>
					</dict>
					<key>85F5245519DD88A6003105F0</key>
					<dict>
						<key>CreatedOnToolsVersion</key>
						<string>6.0.1</string>
						<key>DevelopmentTeam</key>
						<string>3Y8APYUG2G</string>
						<key>SystemCapabilities</key>
						<dict>
							<key>com.apple.ApplicationGroups.iOS</key>
							<dict>
								<key>enabled</key>
								<string>1</string>
							</dict>
							<key>com.apple.iCloud</key>
							<dict>
								<key>enabled</key>
								<string>0</string>
							</dict>
						</dict>
					</dict>
				</dict>
			</dict>
			<key>buildConfigurationList</key>
			<string>85F5240D19DD871B003105F0</string>
			<key>compatibilityVersion</key>
			<string>Xcode 3.2</string>
			<key>developmentRegion</key>
			<string>English</string>
			<key>hasScannedForEncodings</key>
			<string>0</string>
			<key>isa</key>
			<string>PBXProject</string>
			<key>knownRegions</key>
			<array>
				<string>en</string>
				<string>Base</string>
				<string>ja</string>
			</array>
			<key>mainGroup</key>
			<string>85F5240919DD871B003105F0</string>
			<key>productRefGroup</key>
			<string>85F5241519DD877E003105F0</string>
			<key>projectDirPath</key>
			<string></string>
			<key>projectReferences</key>
			<array/>
			<key>projectRoot</key>
			<string></string>
			<key>targets</key>
			<array>
				<string>85F5241319DD877E003105F0</string>
				<string>85F5245519DD88A6003105F0</string>
				<string>85F5244419DD87F5003105F0</string>
				<string>85069DBB19DE006A004F5C8F</string>
				<string>85069DD219DE007A004F5C8F</string>
			</array>
		</dict>
		<key>85F5240D19DD871B003105F0</key>
		<dict>
			<key>buildConfigurations</key>
			<array>
				<string>85F5240E19DD871B003105F0</string>
				<string>85F5240F19DD871B003105F0</string>
			</array>
			<key>defaultConfigurationIsVisible</key>
			<string>0</string>
			<key>defaultConfigurationName</key>
			<string>Release</string>
			<key>isa</key>
			<string>XCConfigurationList</string>
		</dict>
		<key>85F5240E19DD871B003105F0</key>
		<dict>
			<key>buildSettings</key>
			<dict>
				<key>ONLY_ACTIVE_ARCH</key>
				<string>YES</string>
			</dict>
			<key>isa</key>
			<string>XCBuildConfiguration</string>
			<key>name</key>
			<string>Debug</string>
		</dict>
		<key>85F5240F19DD871B003105F0</key>
		<dict>
			<key>buildSettings</key>
			<dict/>
			<key>isa</key>
			<string>XCBuildConfiguration</string>
			<key>name</key>
			<string>Release</string>
		</dict>
		<key>85F5241019DD877E003105F0</key>
		<dict>
			<key>buildActionMask</key>
			<string>2147483647</string>
			<key>files</key>
			<array>
				<string>8556746719E4CE5B00BE400E</string>
				<string>85CD888A19E1398F009F8DCF</string>
				<string>85CD888519E12FBC009F8DCF</string>
				<string>85E9A79119E0FE36002D5737</string>
				<string>85E9A78319E0FA91002D5737</string>
				<string>852A0FF219E08A8700B65500</string>
				<string>85B18E6619E1BDF600FF4D27</string>
				<string>852A0FF019E08A5400B65500</string>
				<string>852A0FF419E095E700B65500</string>
				<string>85C1CC6B19E2F03200BF9EEA</string>
				<string>852A0FE619E08A0500B65500</string>
				<string>85E9A7A619E11B59002D5737</string>
				<string>8548E65F19E0D2D500001AF5</string>
			</array>
			<key>isa</key>
			<string>PBXSourcesBuildPhase</string>
			<key>runOnlyForDeploymentPostprocessing</key>
			<string>0</string>
		</dict>
		<key>85F5241119DD877E003105F0</key>
		<dict>
			<key>buildActionMask</key>
			<string>2147483647</string>
			<key>files</key>
			<array>
				<string>E84D5BDC278F483E9E6AE198</string>
			</array>
			<key>isa</key>
			<string>PBXFrameworksBuildPhase</string>
			<key>runOnlyForDeploymentPostprocessing</key>
			<string>0</string>
		</dict>
		<key>85F5241219DD877E003105F0</key>
		<dict>
			<key>buildActionMask</key>
			<string>2147483647</string>
			<key>files</key>
			<array>
				<string>852A0FED19E08A4000B65500</string>
				<string>854E7C5419E51F1C00E57AFA</string>
				<string>852A0FE419E089FB00B65500</string>
				<string>852A0FEA19E08A2F00B65500</string>
			</array>
			<key>isa</key>
			<string>PBXResourcesBuildPhase</string>
			<key>runOnlyForDeploymentPostprocessing</key>
			<string>0</string>
		</dict>
		<key>85F5241319DD877E003105F0</key>
		<dict>
			<key>buildConfigurationList</key>
			<string>85F5243619DD877E003105F0</string>
			<key>buildPhases</key>
			<array>
				<string>414CC90BD2F7443BA366491E</string>
				<string>85F5241019DD877E003105F0</string>
				<string>85F5241119DD877E003105F0</string>
				<string>85F5241219DD877E003105F0</string>
				<string>9E9D9AAD0D6649FCABEEC839</string>
				<string>85069DC819DE006A004F5C8F</string>
			</array>
			<key>buildRules</key>
			<array/>
			<key>dependencies</key>
			<array>
				<string>85069DC719DE006A004F5C8F</string>
				<string>85069DCB19DE006A004F5C8F</string>
			</array>
			<key>isa</key>
			<string>PBXNativeTarget</string>
			<key>name</key>
			<string>OnAirLog813</string>
			<key>productName</key>
			<string>OnAirLog813</string>
			<key>productReference</key>
			<string>85F5241419DD877E003105F0</string>
			<key>productType</key>
			<string>com.apple.product-type.application</string>
		</dict>
		<key>85F5241419DD877E003105F0</key>
		<dict>
			<key>explicitFileType</key>
			<string>wrapper.application</string>
			<key>includeInIndex</key>
			<string>0</string>
			<key>isa</key>
			<string>PBXFileReference</string>
			<key>path</key>
			<string>OnAirLog813.app</string>
			<key>sourceTree</key>
			<string>BUILT_PRODUCTS_DIR</string>
		</dict>
		<key>85F5241519DD877E003105F0</key>
		<dict>
			<key>children</key>
			<array>
				<string>85F5241419DD877E003105F0</string>
				<string>85F5244519DD87F5003105F0</string>
				<string>85F5245619DD88A6003105F0</string>
				<string>85069DBC19DE006A004F5C8F</string>
				<string>85069DD319DE007A004F5C8F</string>
			</array>
			<key>isa</key>
			<string>PBXGroup</string>
			<key>name</key>
			<string>Products</string>
			<key>sourceTree</key>
			<string>&lt;group&gt;</string>
		</dict>
		<key>85F5243619DD877E003105F0</key>
		<dict>
			<key>buildConfigurations</key>
			<array>
				<string>85F5243719DD877E003105F0</string>
				<string>85F5243819DD877E003105F0</string>
			</array>
			<key>defaultConfigurationIsVisible</key>
			<string>0</string>
			<key>defaultConfigurationName</key>
			<string>Release</string>
			<key>isa</key>
			<string>XCConfigurationList</string>
		</dict>
		<key>85F5243719DD877E003105F0</key>
		<dict>
			<key>baseConfigurationReference</key>
			<string>97F457047E456234A0108F25</string>
			<key>buildSettings</key>
			<dict>
				<key>ALWAYS_SEARCH_USER_PATHS</key>
				<string>NO</string>
				<key>ASSETCATALOG_COMPILER_APPICON_NAME</key>
				<string>AppIcon</string>
				<key>CLANG_CXX_LANGUAGE_STANDARD</key>
				<string>gnu++0x</string>
				<key>CLANG_CXX_LIBRARY</key>
				<string>libc++</string>
				<key>CLANG_ENABLE_MODULES</key>
				<string>YES</string>
				<key>CLANG_ENABLE_OBJC_ARC</key>
				<string>YES</string>
				<key>CLANG_WARN_BOOL_CONVERSION</key>
				<string>YES</string>
				<key>CLANG_WARN_CONSTANT_CONVERSION</key>
				<string>YES</string>
				<key>CLANG_WARN_DIRECT_OBJC_ISA_USAGE</key>
				<string>YES_ERROR</string>
				<key>CLANG_WARN_EMPTY_BODY</key>
				<string>YES</string>
				<key>CLANG_WARN_ENUM_CONVERSION</key>
				<string>YES</string>
				<key>CLANG_WARN_INT_CONVERSION</key>
				<string>YES</string>
				<key>CLANG_WARN_OBJC_ROOT_CLASS</key>
				<string>YES_ERROR</string>
				<key>CLANG_WARN_UNREACHABLE_CODE</key>
				<string>YES</string>
				<key>CLANG_WARN__DUPLICATE_METHOD_MATCH</key>
				<string>YES</string>
				<key>CODE_SIGN_ENTITLEMENTS</key>
				<string>OnAirLog813.entitlements</string>
				<key>CODE_SIGN_IDENTITY</key>
				<string>iPhone Developer</string>
				<key>COPY_PHASE_STRIP</key>
				<string>NO</string>
				<key>ENABLE_STRICT_OBJC_MSGSEND</key>
				<string>YES</string>
				<key>GCC_C_LANGUAGE_STANDARD</key>
				<string>gnu99</string>
				<key>GCC_DYNAMIC_NO_PIC</key>
				<string>NO</string>
				<key>GCC_OPTIMIZATION_LEVEL</key>
				<string>0</string>
				<key>GCC_PREPROCESSOR_DEFINITIONS</key>
				<array>
					<string>DEBUG=1</string>
					<string>$(inherited)</string>
				</array>
				<key>GCC_SYMBOLS_PRIVATE_EXTERN</key>
				<string>NO</string>
				<key>GCC_WARN_64_TO_32_BIT_CONVERSION</key>
				<string>YES</string>
				<key>GCC_WARN_ABOUT_RETURN_TYPE</key>
				<string>YES_ERROR</string>
				<key>GCC_WARN_UNDECLARED_SELECTOR</key>
				<string>YES</string>
				<key>GCC_WARN_UNINITIALIZED_AUTOS</key>
				<string>YES_AGGRESSIVE</string>
				<key>GCC_WARN_UNUSED_FUNCTION</key>
				<string>YES</string>
				<key>GCC_WARN_UNUSED_VARIABLE</key>
				<string>YES</string>
				<key>INFOPLIST_FILE</key>
				<string>OnAirLogApp/813/Info.plist</string>
				<key>IPHONEOS_DEPLOYMENT_TARGET</key>
				<string>8.0</string>
				<key>LD_RUNPATH_SEARCH_PATHS</key>
				<string>$(inherited) @executable_path/Frameworks</string>
				<key>MTL_ENABLE_DEBUG_INFO</key>
				<string>YES</string>
				<key>ONLY_ACTIVE_ARCH</key>
				<string>YES</string>
				<key>PRODUCT_NAME</key>
				<string>$(TARGET_NAME)</string>
				<key>PROVISIONING_PROFILE</key>
				<string></string>
				<key>SDKROOT</key>
				<string>iphoneos</string>
				<key>SWIFT_OBJC_BRIDGING_HEADER</key>
				<string>OnAirLogApp/OnAirLogApp-Bridging-Header.h</string>
				<key>SWIFT_OPTIMIZATION_LEVEL</key>
				<string>-Onone</string>
				<key>TARGETED_DEVICE_FAMILY</key>
				<string>1,2</string>
			</dict>
			<key>isa</key>
			<string>XCBuildConfiguration</string>
			<key>name</key>
			<string>Debug</string>
		</dict>
		<key>85F5243819DD877E003105F0</key>
		<dict>
			<key>baseConfigurationReference</key>
			<string>6F0BFFCE75623911906443C9</string>
			<key>buildSettings</key>
			<dict>
				<key>ALWAYS_SEARCH_USER_PATHS</key>
				<string>NO</string>
				<key>ASSETCATALOG_COMPILER_APPICON_NAME</key>
				<string>AppIcon</string>
				<key>CLANG_CXX_LANGUAGE_STANDARD</key>
				<string>gnu++0x</string>
				<key>CLANG_CXX_LIBRARY</key>
				<string>libc++</string>
				<key>CLANG_ENABLE_MODULES</key>
				<string>YES</string>
				<key>CLANG_ENABLE_OBJC_ARC</key>
				<string>YES</string>
				<key>CLANG_WARN_BOOL_CONVERSION</key>
				<string>YES</string>
				<key>CLANG_WARN_CONSTANT_CONVERSION</key>
				<string>YES</string>
				<key>CLANG_WARN_DIRECT_OBJC_ISA_USAGE</key>
				<string>YES_ERROR</string>
				<key>CLANG_WARN_EMPTY_BODY</key>
				<string>YES</string>
				<key>CLANG_WARN_ENUM_CONVERSION</key>
				<string>YES</string>
				<key>CLANG_WARN_INT_CONVERSION</key>
				<string>YES</string>
				<key>CLANG_WARN_OBJC_ROOT_CLASS</key>
				<string>YES_ERROR</string>
				<key>CLANG_WARN_UNREACHABLE_CODE</key>
				<string>YES</string>
				<key>CLANG_WARN__DUPLICATE_METHOD_MATCH</key>
				<string>YES</string>
				<key>CODE_SIGN_ENTITLEMENTS</key>
				<string>OnAirLog813.entitlements</string>
				<key>CODE_SIGN_IDENTITY</key>
				<string>iPhone Distribution</string>
				<key>COPY_PHASE_STRIP</key>
				<string>YES</string>
				<key>ENABLE_NS_ASSERTIONS</key>
				<string>NO</string>
				<key>ENABLE_STRICT_OBJC_MSGSEND</key>
				<string>YES</string>
				<key>GCC_C_LANGUAGE_STANDARD</key>
				<string>gnu99</string>
				<key>GCC_WARN_64_TO_32_BIT_CONVERSION</key>
				<string>YES</string>
				<key>GCC_WARN_ABOUT_RETURN_TYPE</key>
				<string>YES_ERROR</string>
				<key>GCC_WARN_UNDECLARED_SELECTOR</key>
				<string>YES</string>
				<key>GCC_WARN_UNINITIALIZED_AUTOS</key>
				<string>YES_AGGRESSIVE</string>
				<key>GCC_WARN_UNUSED_FUNCTION</key>
				<string>YES</string>
				<key>GCC_WARN_UNUSED_VARIABLE</key>
				<string>YES</string>
				<key>INFOPLIST_FILE</key>
				<string>OnAirLogApp/813/Info.plist</string>
				<key>IPHONEOS_DEPLOYMENT_TARGET</key>
				<string>8.0</string>
				<key>LD_RUNPATH_SEARCH_PATHS</key>
				<string>$(inherited) @executable_path/Frameworks</string>
				<key>MTL_ENABLE_DEBUG_INFO</key>
				<string>NO</string>
				<key>PRODUCT_NAME</key>
				<string>$(TARGET_NAME)</string>
				<key>PROVISIONING_PROFILE</key>
				<string></string>
				<key>SDKROOT</key>
				<string>iphoneos</string>
				<key>SWIFT_OBJC_BRIDGING_HEADER</key>
				<string>OnAirLogApp/OnAirLogApp-Bridging-Header.h</string>
				<key>TARGETED_DEVICE_FAMILY</key>
				<string>1,2</string>
				<key>VALIDATE_PRODUCT</key>
				<string>YES</string>
			</dict>
			<key>isa</key>
			<string>XCBuildConfiguration</string>
			<key>name</key>
			<string>Release</string>
		</dict>
		<key>85F5244119DD87F5003105F0</key>
		<dict>
			<key>buildActionMask</key>
			<string>2147483647</string>
			<key>files</key>
			<array>
				<string>857E4FCD19E87ECA008EA69D</string>
				<string>857E4FCC19E87C34008EA69D</string>
			</array>
			<key>isa</key>
			<string>PBXSourcesBuildPhase</string>
			<key>runOnlyForDeploymentPostprocessing</key>
			<string>0</string>
		</dict>
		<key>85F5244219DD87F5003105F0</key>
		<dict>
			<key>buildActionMask</key>
			<string>2147483647</string>
			<key>files</key>
			<array/>
			<key>isa</key>
			<string>PBXFrameworksBuildPhase</string>
			<key>runOnlyForDeploymentPostprocessing</key>
			<string>0</string>
		</dict>
		<key>85F5244319DD87F5003105F0</key>
		<dict>
			<key>buildActionMask</key>
			<string>2147483647</string>
			<key>files</key>
			<array>
				<string>85B18E7219E1F18400FF4D27</string>
			</array>
			<key>isa</key>
			<string>PBXResourcesBuildPhase</string>
			<key>runOnlyForDeploymentPostprocessing</key>
			<string>0</string>
		</dict>
		<key>85F5244419DD87F5003105F0</key>
		<dict>
			<key>buildConfigurationList</key>
			<string>85F5244D19DD87F5003105F0</string>
			<key>buildPhases</key>
			<array>
				<string>85F5244119DD87F5003105F0</string>
				<string>85F5244219DD87F5003105F0</string>
				<string>85F5244319DD87F5003105F0</string>
			</array>
			<key>buildRules</key>
			<array/>
			<key>dependencies</key>
			<array>
				<string>857E4F5019E81860008EA69D</string>
				<string>857E4FC319E87949008EA69D</string>
				<string>857E4FC519E87949008EA69D</string>
			</array>
			<key>isa</key>
			<string>PBXNativeTarget</string>
			<key>name</key>
			<string>OnAirLogTests</string>
			<key>productName</key>
			<string>OnAirLogTests</string>
			<key>productReference</key>
			<string>85F5244519DD87F5003105F0</string>
			<key>productType</key>
			<string>com.apple.product-type.bundle.unit-test</string>
		</dict>
		<key>85F5244519DD87F5003105F0</key>
		<dict>
			<key>explicitFileType</key>
			<string>wrapper.cfbundle</string>
			<key>includeInIndex</key>
			<string>0</string>
			<key>isa</key>
			<string>PBXFileReference</string>
			<key>path</key>
			<string>OnAirLogTests.xctest</string>
			<key>sourceTree</key>
			<string>BUILT_PRODUCTS_DIR</string>
		</dict>
		<key>85F5244D19DD87F5003105F0</key>
		<dict>
			<key>buildConfigurations</key>
			<array>
				<string>85F5244E19DD87F5003105F0</string>
				<string>85F5244F19DD87F5003105F0</string>
			</array>
			<key>defaultConfigurationIsVisible</key>
			<string>0</string>
			<key>defaultConfigurationName</key>
			<string>Release</string>
			<key>isa</key>
			<string>XCConfigurationList</string>
		</dict>
		<key>85F5244E19DD87F5003105F0</key>
		<dict>
			<key>baseConfigurationReference</key>
			<string>97F457047E456234A0108F25</string>
			<key>buildSettings</key>
			<dict>
				<key>ALWAYS_SEARCH_USER_PATHS</key>
				<string>NO</string>
				<key>BUNDLE_LOADER</key>
				<string>$(TEST_HOST)</string>
				<key>CLANG_CXX_LANGUAGE_STANDARD</key>
				<string>gnu++0x</string>
				<key>CLANG_CXX_LIBRARY</key>
				<string>libc++</string>
				<key>CLANG_ENABLE_MODULES</key>
				<string>YES</string>
				<key>CLANG_ENABLE_OBJC_ARC</key>
				<string>YES</string>
				<key>CLANG_WARN_BOOL_CONVERSION</key>
				<string>YES</string>
				<key>CLANG_WARN_CONSTANT_CONVERSION</key>
				<string>YES</string>
				<key>CLANG_WARN_DIRECT_OBJC_ISA_USAGE</key>
				<string>YES_ERROR</string>
				<key>CLANG_WARN_EMPTY_BODY</key>
				<string>YES</string>
				<key>CLANG_WARN_ENUM_CONVERSION</key>
				<string>YES</string>
				<key>CLANG_WARN_INT_CONVERSION</key>
				<string>YES</string>
				<key>CLANG_WARN_OBJC_ROOT_CLASS</key>
				<string>YES_ERROR</string>
				<key>CLANG_WARN_UNREACHABLE_CODE</key>
				<string>YES</string>
				<key>CLANG_WARN__DUPLICATE_METHOD_MATCH</key>
				<string>YES</string>
				<key>CODE_SIGN_IDENTITY</key>
				<string>iPhone Developer</string>
				<key>COPY_PHASE_STRIP</key>
				<string>NO</string>
				<key>ENABLE_STRICT_OBJC_MSGSEND</key>
				<string>YES</string>
				<key>FRAMEWORK_SEARCH_PATHS</key>
				<array>
					<string>$(SDKROOT)/Developer/Library/Frameworks</string>
					<string>$(inherited)</string>
					<string>$(DEVELOPER_FRAMEWORKS_DIR)</string>
					<string>$(BUILT_PRODUCTS_DIR)</string>
					<string>$(USER_LIBRARY_DIR)/Developer/Xcode/DerivedData/OnAirLog-aqftkfkacgsssybnjzlqsxiycgwa/Build/Products/Debug-iphoneos</string>
				</array>
				<key>GCC_C_LANGUAGE_STANDARD</key>
				<string>gnu99</string>
				<key>GCC_DYNAMIC_NO_PIC</key>
				<string>NO</string>
				<key>GCC_OPTIMIZATION_LEVEL</key>
				<string>0</string>
				<key>GCC_PREPROCESSOR_DEFINITIONS</key>
				<array>
					<string>DEBUG=1</string>
					<string>$(inherited)</string>
				</array>
				<key>GCC_SYMBOLS_PRIVATE_EXTERN</key>
				<string>NO</string>
				<key>GCC_WARN_64_TO_32_BIT_CONVERSION</key>
				<string>YES</string>
				<key>GCC_WARN_ABOUT_RETURN_TYPE</key>
				<string>YES_ERROR</string>
				<key>GCC_WARN_UNDECLARED_SELECTOR</key>
				<string>YES</string>
				<key>GCC_WARN_UNINITIALIZED_AUTOS</key>
				<string>YES_AGGRESSIVE</string>
				<key>GCC_WARN_UNUSED_FUNCTION</key>
				<string>YES</string>
				<key>GCC_WARN_UNUSED_VARIABLE</key>
				<string>YES</string>
				<key>HEADER_SEARCH_PATHS</key>
				<array>
					<string>"${PODS_ROOT}/Headers/Public"</string>
					<string>"${PODS_ROOT}/Headers/Public/AFNetworking"</string>
					<string>"${PODS_ROOT}/Headers/Public/BlocksKit"</string>
					<string>"${PODS_ROOT}/Headers/Public/GoogleAnalytics-iOS-SDK"</string>
					<string>"${PODS_ROOT}/Headers/Public/MagicalRecord"</string>
					<string>"${PODS_ROOT}/Headers/Public/MagicalRecord/MagicalRecord"</string>
					<string>$(SDKROOT)/usr/include/libz</string>
					<string>$(SRCROOT)/OnAirLog</string>
				</array>
				<key>INFOPLIST_FILE</key>
				<string>OnAirLogTests/Info.plist</string>
				<key>IPHONEOS_DEPLOYMENT_TARGET</key>
				<string>8.0</string>
				<key>LD_RUNPATH_SEARCH_PATHS</key>
				<string>$(inherited) @executable_path/Frameworks @loader_path/Frameworks</string>
				<key>LIBRARY_SEARCH_PATHS</key>
				<array>
					<string>$(inherited)</string>
					<string>$(PROJECT_DIR)/Pods/build/Debug-iphoneos</string>
				</array>
				<key>MTL_ENABLE_DEBUG_INFO</key>
				<string>YES</string>
				<key>ONLY_ACTIVE_ARCH</key>
				<string>YES</string>
				<key>PRODUCT_NAME</key>
				<string>$(TARGET_NAME)</string>
				<key>SDKROOT</key>
				<string>iphoneos</string>
				<key>SWIFT_OBJC_BRIDGING_HEADER</key>
				<string>OnAirLogTests/OnAirLogTests-Bridging-Header.h</string>
				<key>SWIFT_OPTIMIZATION_LEVEL</key>
				<string>-Onone</string>
				<key>TEST_HOST</key>
				<string>$(BUILT_PRODUCTS_DIR)/OnAirLog813.app/OnAirLog813</string>
			</dict>
			<key>isa</key>
			<string>XCBuildConfiguration</string>
			<key>name</key>
			<string>Debug</string>
		</dict>
		<key>85F5244F19DD87F5003105F0</key>
		<dict>
			<key>baseConfigurationReference</key>
			<string>6F0BFFCE75623911906443C9</string>
			<key>buildSettings</key>
			<dict>
				<key>ALWAYS_SEARCH_USER_PATHS</key>
				<string>NO</string>
				<key>BUNDLE_LOADER</key>
				<string>$(TEST_HOST)</string>
				<key>CLANG_CXX_LANGUAGE_STANDARD</key>
				<string>gnu++0x</string>
				<key>CLANG_CXX_LIBRARY</key>
				<string>libc++</string>
				<key>CLANG_ENABLE_MODULES</key>
				<string>YES</string>
				<key>CLANG_ENABLE_OBJC_ARC</key>
				<string>YES</string>
				<key>CLANG_WARN_BOOL_CONVERSION</key>
				<string>YES</string>
				<key>CLANG_WARN_CONSTANT_CONVERSION</key>
				<string>YES</string>
				<key>CLANG_WARN_DIRECT_OBJC_ISA_USAGE</key>
				<string>YES_ERROR</string>
				<key>CLANG_WARN_EMPTY_BODY</key>
				<string>YES</string>
				<key>CLANG_WARN_ENUM_CONVERSION</key>
				<string>YES</string>
				<key>CLANG_WARN_INT_CONVERSION</key>
				<string>YES</string>
				<key>CLANG_WARN_OBJC_ROOT_CLASS</key>
				<string>YES_ERROR</string>
				<key>CLANG_WARN_UNREACHABLE_CODE</key>
				<string>YES</string>
				<key>CLANG_WARN__DUPLICATE_METHOD_MATCH</key>
				<string>YES</string>
				<key>CODE_SIGN_IDENTITY</key>
				<string>iPhone Distribution</string>
				<key>COPY_PHASE_STRIP</key>
				<string>YES</string>
				<key>ENABLE_NS_ASSERTIONS</key>
				<string>NO</string>
				<key>ENABLE_STRICT_OBJC_MSGSEND</key>
				<string>YES</string>
				<key>FRAMEWORK_SEARCH_PATHS</key>
				<array>
					<string>$(SDKROOT)/Developer/Library/Frameworks</string>
					<string>$(inherited)</string>
					<string>$(DEVELOPER_FRAMEWORKS_DIR)</string>
					<string>$(BUILT_PRODUCTS_DIR)</string>
					<string>$(USER_LIBRARY_DIR)/Developer/Xcode/DerivedData/OnAirLog-aqftkfkacgsssybnjzlqsxiycgwa/Build/Products/Debug-iphoneos</string>
				</array>
				<key>GCC_C_LANGUAGE_STANDARD</key>
				<string>gnu99</string>
				<key>GCC_WARN_64_TO_32_BIT_CONVERSION</key>
				<string>YES</string>
				<key>GCC_WARN_ABOUT_RETURN_TYPE</key>
				<string>YES_ERROR</string>
				<key>GCC_WARN_UNDECLARED_SELECTOR</key>
				<string>YES</string>
				<key>GCC_WARN_UNINITIALIZED_AUTOS</key>
				<string>YES_AGGRESSIVE</string>
				<key>GCC_WARN_UNUSED_FUNCTION</key>
				<string>YES</string>
				<key>GCC_WARN_UNUSED_VARIABLE</key>
				<string>YES</string>
				<key>HEADER_SEARCH_PATHS</key>
				<array>
					<string>"${PODS_ROOT}/Headers/Public"</string>
					<string>"${PODS_ROOT}/Headers/Public/AFNetworking"</string>
					<string>"${PODS_ROOT}/Headers/Public/BlocksKit"</string>
					<string>"${PODS_ROOT}/Headers/Public/GoogleAnalytics-iOS-SDK"</string>
					<string>"${PODS_ROOT}/Headers/Public/MagicalRecord"</string>
					<string>"${PODS_ROOT}/Headers/Public/MagicalRecord/MagicalRecord"</string>
					<string>$(SDKROOT)/usr/include/libz</string>
					<string>$(SRCROOT)/OnAirLog</string>
				</array>
				<key>INFOPLIST_FILE</key>
				<string>OnAirLogTests/Info.plist</string>
				<key>IPHONEOS_DEPLOYMENT_TARGET</key>
				<string>8.0</string>
				<key>LD_RUNPATH_SEARCH_PATHS</key>
				<string>$(inherited) @executable_path/Frameworks @loader_path/Frameworks</string>
				<key>LIBRARY_SEARCH_PATHS</key>
				<array>
					<string>$(inherited)</string>
					<string>$(PROJECT_DIR)/Pods/build/Debug-iphoneos</string>
				</array>
				<key>MTL_ENABLE_DEBUG_INFO</key>
				<string>NO</string>
				<key>PRODUCT_NAME</key>
				<string>$(TARGET_NAME)</string>
				<key>SDKROOT</key>
				<string>iphoneos</string>
				<key>SWIFT_OBJC_BRIDGING_HEADER</key>
				<string>OnAirLogTests/OnAirLogTests-Bridging-Header.h</string>
				<key>TEST_HOST</key>
				<string>$(BUILT_PRODUCTS_DIR)/OnAirLog813.app/OnAirLog813</string>
				<key>VALIDATE_PRODUCT</key>
				<string>YES</string>
			</dict>
			<key>isa</key>
			<string>XCBuildConfiguration</string>
			<key>name</key>
			<string>Release</string>
		</dict>
		<key>85F5245219DD88A6003105F0</key>
		<dict>
			<key>buildActionMask</key>
			<string>2147483647</string>
			<key>files</key>
			<array>
				<string>8556746819E4CE5B00BE400E</string>
				<string>85CD888B19E1398F009F8DCF</string>
				<string>85CD888619E12FBC009F8DCF</string>
				<string>85E9A79019E0FE28002D5737</string>
				<string>85E9A78419E0FA94002D5737</string>
				<string>852A0FF319E08A8800B65500</string>
				<string>85B18E6719E1BDF600FF4D27</string>
				<string>852A0FF119E08A5500B65500</string>
				<string>852A0FF519E095E700B65500</string>
				<string>85C1CC6C19E2F03200BF9EEA</string>
				<string>852A0FE719E08A0600B65500</string>
				<string>85E9A7A719E11B59002D5737</string>
				<string>8548E66219E0D2E000001AF5</string>
			</array>
			<key>isa</key>
			<string>PBXSourcesBuildPhase</string>
			<key>runOnlyForDeploymentPostprocessing</key>
			<string>0</string>
		</dict>
		<key>85F5245319DD88A6003105F0</key>
		<dict>
			<key>buildActionMask</key>
			<string>2147483647</string>
			<key>files</key>
			<array>
				<string>85069D9519DDF9AE004F5C8F</string>
			</array>
			<key>isa</key>
			<string>PBXFrameworksBuildPhase</string>
			<key>runOnlyForDeploymentPostprocessing</key>
			<string>0</string>
		</dict>
		<key>85F5245419DD88A6003105F0</key>
		<dict>
			<key>buildActionMask</key>
			<string>2147483647</string>
			<key>files</key>
			<array>
				<string>85E9A7A219E11690002D5737</string>
				<string>854E7C5519E51F1C00E57AFA</string>
				<string>852A0FEC19E08A4000B65500</string>
				<string>852A0FE819E08A2900B65500</string>
			</array>
			<key>isa</key>
			<string>PBXResourcesBuildPhase</string>
			<key>runOnlyForDeploymentPostprocessing</key>
			<string>0</string>
		</dict>
		<key>85F5245519DD88A6003105F0</key>
		<dict>
			<key>buildConfigurationList</key>
			<string>85F5247719DD88A6003105F0</string>
			<key>buildPhases</key>
			<array>
				<string>85F5245219DD88A6003105F0</string>
				<string>85F5245319DD88A6003105F0</string>
				<string>85F5245419DD88A6003105F0</string>
				<string>85069DE419DE007A004F5C8F</string>
			</array>
			<key>buildRules</key>
			<array/>
			<key>dependencies</key>
			<array>
				<string>85069DDD19DE007A004F5C8F</string>
				<string>85069DE019DE007A004F5C8F</string>
			</array>
			<key>isa</key>
			<string>PBXNativeTarget</string>
			<key>name</key>
			<string>OnAirLog802</string>
			<key>productName</key>
			<string>OnAirLog802</string>
			<key>productReference</key>
			<string>85F5245619DD88A6003105F0</string>
			<key>productType</key>
			<string>com.apple.product-type.application</string>
		</dict>
		<key>85F5245619DD88A6003105F0</key>
		<dict>
			<key>explicitFileType</key>
			<string>wrapper.application</string>
			<key>includeInIndex</key>
			<string>0</string>
			<key>isa</key>
			<string>PBXFileReference</string>
			<key>path</key>
			<string>OnAirLog802.app</string>
			<key>sourceTree</key>
			<string>BUILT_PRODUCTS_DIR</string>
		</dict>
		<key>85F5247719DD88A6003105F0</key>
		<dict>
			<key>buildConfigurations</key>
			<array>
				<string>85F5247819DD88A6003105F0</string>
				<string>85F5247919DD88A6003105F0</string>
			</array>
			<key>defaultConfigurationIsVisible</key>
			<string>0</string>
			<key>defaultConfigurationName</key>
			<string>Release</string>
			<key>isa</key>
			<string>XCConfigurationList</string>
		</dict>
		<key>85F5247819DD88A6003105F0</key>
		<dict>
			<key>baseConfigurationReference</key>
			<string>97F457047E456234A0108F25</string>
			<key>buildSettings</key>
			<dict>
				<key>ALWAYS_SEARCH_USER_PATHS</key>
				<string>NO</string>
				<key>ASSETCATALOG_COMPILER_APPICON_NAME</key>
				<string>AppIcon</string>
				<key>CLANG_CXX_LANGUAGE_STANDARD</key>
				<string>gnu++0x</string>
				<key>CLANG_CXX_LIBRARY</key>
				<string>libc++</string>
				<key>CLANG_ENABLE_MODULES</key>
				<string>YES</string>
				<key>CLANG_ENABLE_OBJC_ARC</key>
				<string>YES</string>
				<key>CLANG_WARN_BOOL_CONVERSION</key>
				<string>YES</string>
				<key>CLANG_WARN_CONSTANT_CONVERSION</key>
				<string>YES</string>
				<key>CLANG_WARN_DIRECT_OBJC_ISA_USAGE</key>
				<string>YES_ERROR</string>
				<key>CLANG_WARN_EMPTY_BODY</key>
				<string>YES</string>
				<key>CLANG_WARN_ENUM_CONVERSION</key>
				<string>YES</string>
				<key>CLANG_WARN_INT_CONVERSION</key>
				<string>YES</string>
				<key>CLANG_WARN_OBJC_ROOT_CLASS</key>
				<string>YES_ERROR</string>
				<key>CLANG_WARN_UNREACHABLE_CODE</key>
				<string>YES</string>
				<key>CLANG_WARN__DUPLICATE_METHOD_MATCH</key>
				<string>YES</string>
				<key>CODE_SIGN_ENTITLEMENTS</key>
				<string>OnAirLog802.entitlements</string>
				<key>CODE_SIGN_IDENTITY</key>
				<string>iPhone Developer: Atsushi Nagase (3W9WBJZU24)</string>
				<key>COPY_PHASE_STRIP</key>
				<string>NO</string>
				<key>ENABLE_STRICT_OBJC_MSGSEND</key>
				<string>YES</string>
				<key>GCC_C_LANGUAGE_STANDARD</key>
				<string>gnu99</string>
				<key>GCC_DYNAMIC_NO_PIC</key>
				<string>NO</string>
				<key>GCC_OPTIMIZATION_LEVEL</key>
				<string>0</string>
				<key>GCC_PREPROCESSOR_DEFINITIONS</key>
				<array>
					<string>DEBUG=1</string>
					<string>$(inherited)</string>
				</array>
				<key>GCC_SYMBOLS_PRIVATE_EXTERN</key>
				<string>NO</string>
				<key>GCC_WARN_64_TO_32_BIT_CONVERSION</key>
				<string>YES</string>
				<key>GCC_WARN_ABOUT_RETURN_TYPE</key>
				<string>YES_ERROR</string>
				<key>GCC_WARN_UNDECLARED_SELECTOR</key>
				<string>YES</string>
				<key>GCC_WARN_UNINITIALIZED_AUTOS</key>
				<string>YES_AGGRESSIVE</string>
				<key>GCC_WARN_UNUSED_FUNCTION</key>
				<string>YES</string>
				<key>GCC_WARN_UNUSED_VARIABLE</key>
				<string>YES</string>
				<key>INFOPLIST_FILE</key>
				<string>OnAirLogApp/802/Info.plist</string>
				<key>IPHONEOS_DEPLOYMENT_TARGET</key>
				<string>8.0</string>
				<key>LD_RUNPATH_SEARCH_PATHS</key>
				<string>$(inherited) @executable_path/Frameworks</string>
				<key>LIBRARY_SEARCH_PATHS</key>
				<array>
					<string>$(inherited)</string>
					<string>$(PROJECT_DIR)/Pods/build/Debug-iphoneos</string>
				</array>
				<key>MTL_ENABLE_DEBUG_INFO</key>
				<string>YES</string>
				<key>ONLY_ACTIVE_ARCH</key>
				<string>YES</string>
				<key>PRODUCT_NAME</key>
				<string>$(TARGET_NAME)</string>
				<key>PROVISIONING_PROFILE</key>
				<string></string>
				<key>SDKROOT</key>
				<string>iphoneos</string>
				<key>SWIFT_OBJC_BRIDGING_HEADER</key>
				<string>OnAirLogApp/OnAirLogApp-Bridging-Header.h</string>
				<key>SWIFT_OPTIMIZATION_LEVEL</key>
				<string>-Onone</string>
				<key>TARGETED_DEVICE_FAMILY</key>
				<string>1,2</string>
			</dict>
			<key>isa</key>
			<string>XCBuildConfiguration</string>
			<key>name</key>
			<string>Debug</string>
		</dict>
		<key>85F5247919DD88A6003105F0</key>
		<dict>
			<key>baseConfigurationReference</key>
			<string>6F0BFFCE75623911906443C9</string>
			<key>buildSettings</key>
			<dict>
				<key>ALWAYS_SEARCH_USER_PATHS</key>
				<string>NO</string>
				<key>ASSETCATALOG_COMPILER_APPICON_NAME</key>
				<string>AppIcon</string>
				<key>CLANG_CXX_LANGUAGE_STANDARD</key>
				<string>gnu++0x</string>
				<key>CLANG_CXX_LIBRARY</key>
				<string>libc++</string>
				<key>CLANG_ENABLE_MODULES</key>
				<string>YES</string>
				<key>CLANG_ENABLE_OBJC_ARC</key>
				<string>YES</string>
				<key>CLANG_WARN_BOOL_CONVERSION</key>
				<string>YES</string>
				<key>CLANG_WARN_CONSTANT_CONVERSION</key>
				<string>YES</string>
				<key>CLANG_WARN_DIRECT_OBJC_ISA_USAGE</key>
				<string>YES_ERROR</string>
				<key>CLANG_WARN_EMPTY_BODY</key>
				<string>YES</string>
				<key>CLANG_WARN_ENUM_CONVERSION</key>
				<string>YES</string>
				<key>CLANG_WARN_INT_CONVERSION</key>
				<string>YES</string>
				<key>CLANG_WARN_OBJC_ROOT_CLASS</key>
				<string>YES_ERROR</string>
				<key>CLANG_WARN_UNREACHABLE_CODE</key>
				<string>YES</string>
				<key>CLANG_WARN__DUPLICATE_METHOD_MATCH</key>
				<string>YES</string>
				<key>CODE_SIGN_ENTITLEMENTS</key>
				<string>OnAirLog802.entitlements</string>
				<key>CODE_SIGN_IDENTITY</key>
				<string>iPhone Distribution: LittleApps Inc. (3Y8APYUG2G)</string>
				<key>COPY_PHASE_STRIP</key>
				<string>YES</string>
				<key>ENABLE_NS_ASSERTIONS</key>
				<string>NO</string>
				<key>ENABLE_STRICT_OBJC_MSGSEND</key>
				<string>YES</string>
				<key>GCC_C_LANGUAGE_STANDARD</key>
				<string>gnu99</string>
				<key>GCC_WARN_64_TO_32_BIT_CONVERSION</key>
				<string>YES</string>
				<key>GCC_WARN_ABOUT_RETURN_TYPE</key>
				<string>YES_ERROR</string>
				<key>GCC_WARN_UNDECLARED_SELECTOR</key>
				<string>YES</string>
				<key>GCC_WARN_UNINITIALIZED_AUTOS</key>
				<string>YES_AGGRESSIVE</string>
				<key>GCC_WARN_UNUSED_FUNCTION</key>
				<string>YES</string>
				<key>GCC_WARN_UNUSED_VARIABLE</key>
				<string>YES</string>
				<key>INFOPLIST_FILE</key>
				<string>OnAirLogApp/802/Info.plist</string>
				<key>IPHONEOS_DEPLOYMENT_TARGET</key>
				<string>8.0</string>
				<key>LD_RUNPATH_SEARCH_PATHS</key>
				<string>$(inherited) @executable_path/Frameworks</string>
				<key>LIBRARY_SEARCH_PATHS</key>
				<array>
					<string>$(inherited)</string>
					<string>$(PROJECT_DIR)/Pods/build/Debug-iphoneos</string>
				</array>
				<key>MTL_ENABLE_DEBUG_INFO</key>
				<string>NO</string>
				<key>PRODUCT_NAME</key>
				<string>$(TARGET_NAME)</string>
				<key>PROVISIONING_PROFILE</key>
				<string></string>
				<key>SDKROOT</key>
				<string>iphoneos</string>
				<key>SWIFT_OBJC_BRIDGING_HEADER</key>
				<string>OnAirLogApp/OnAirLogApp-Bridging-Header.h</string>
				<key>TARGETED_DEVICE_FAMILY</key>
				<string>1,2</string>
				<key>VALIDATE_PRODUCT</key>
				<string>YES</string>
			</dict>
			<key>isa</key>
			<string>XCBuildConfiguration</string>
			<key>name</key>
			<string>Release</string>
		</dict>
		<key>97F457047E456234A0108F25</key>
		<dict>
			<key>includeInIndex</key>
			<string>1</string>
			<key>isa</key>
			<string>PBXFileReference</string>
			<key>lastKnownFileType</key>
			<string>text.xcconfig</string>
			<key>name</key>
			<string>Pods.debug.xcconfig</string>
			<key>path</key>
			<string>Pods/Target Support Files/Pods/Pods.debug.xcconfig</string>
			<key>sourceTree</key>
			<string>&lt;group&gt;</string>
		</dict>
		<key>9E9D9AAD0D6649FCABEEC839</key>
		<dict>
			<key>buildActionMask</key>
			<string>2147483647</string>
			<key>files</key>
			<array/>
			<key>inputPaths</key>
			<array/>
			<key>isa</key>
			<string>PBXShellScriptBuildPhase</string>
			<key>name</key>
			<string>Copy Pods Resources</string>
			<key>outputPaths</key>
			<array/>
			<key>runOnlyForDeploymentPostprocessing</key>
			<string>0</string>
			<key>shellPath</key>
			<string>/bin/sh</string>
			<key>shellScript</key>
			<string>"${SRCROOT}/Pods/Target Support Files/Pods/Pods-resources.sh"
</string>
			<key>showEnvVarsInLog</key>
			<string>0</string>
		</dict>
		<key>B3FDE7ECF51D472EA0A843F7</key>
		<dict>
			<key>children</key>
			<array>
				<string>857E4FC619E87A5B008EA69D</string>
				<string>857E4FBB19E87794008EA69D</string>
				<string>85069DE719DE0089004F5C8F</string>
				<string>85069DE519DE0085004F5C8F</string>
				<string>85069D9419DDF9AE004F5C8F</string>
				<string>F8AADD6368FC412A90FDE49F</string>
				<string>85069DBD19DE006A004F5C8F</string>
			</array>
			<key>isa</key>
			<string>PBXGroup</string>
			<key>name</key>
			<string>Frameworks</string>
			<key>sourceTree</key>
			<string>&lt;group&gt;</string>
		</dict>
		<key>C9397576B91BB395C9D2322D</key>
		<dict>
			<key>children</key>
			<array>
				<string>97F457047E456234A0108F25</string>
				<string>6F0BFFCE75623911906443C9</string>
			</array>
			<key>isa</key>
			<string>PBXGroup</string>
			<key>name</key>
			<string>Pods</string>
			<key>sourceTree</key>
			<string>&lt;group&gt;</string>
		</dict>
		<key>E84D5BDC278F483E9E6AE198</key>
		<dict>
			<key>fileRef</key>
			<string>F8AADD6368FC412A90FDE49F</string>
			<key>isa</key>
			<string>PBXBuildFile</string>
		</dict>
		<key>F8AADD6368FC412A90FDE49F</key>
		<dict>
			<key>explicitFileType</key>
			<string>archive.ar</string>
			<key>includeInIndex</key>
			<string>0</string>
			<key>isa</key>
			<string>PBXFileReference</string>
			<key>path</key>
			<string>libPods.a</string>
			<key>sourceTree</key>
			<string>BUILT_PRODUCTS_DIR</string>
		</dict>
	</dict>
	<key>rootObject</key>
	<string>85F5240A19DD871B003105F0</string>
</dict>
</plist>
